// !$*UTF8*$!
{
	archiveVersion = 1;
	classes = {
	};
	objectVersion = 50;
	objects = {

/* Begin PBXBuildFile section */
		CD96A4402562B6B900AAFAC9 /* AppDelegate.swift in Sources */ = {isa = PBXBuildFile; fileRef = CD96A43F2562B6B900AAFAC9 /* AppDelegate.swift */; };
		CD96A4422562B6B900AAFAC9 /* SceneDelegate.swift in Sources */ = {isa = PBXBuildFile; fileRef = CD96A4412562B6B900AAFAC9 /* SceneDelegate.swift */; };
		CD96A4442562B6B900AAFAC9 /* ViewController.swift in Sources */ = {isa = PBXBuildFile; fileRef = CD96A4432562B6B900AAFAC9 /* ViewController.swift */; };
		CD96A4472562B6B900AAFAC9 /* Main.storyboard in Resources */ = {isa = PBXBuildFile; fileRef = CD96A4452562B6B900AAFAC9 /* Main.storyboard */; };
		CD96A4492562B6B900AAFAC9 /* Assets.xcassets in Resources */ = {isa = PBXBuildFile; fileRef = CD96A4482562B6B900AAFAC9 /* Assets.xcassets */; };
		CD96A44C2562B6B900AAFAC9 /* LaunchScreen.storyboard in Resources */ = {isa = PBXBuildFile; fileRef = CD96A44A2562B6B900AAFAC9 /* LaunchScreen.storyboard */; };
/* End PBXBuildFile section */

/* Begin PBXFileReference section */
		CD96A43C2562B6B900AAFAC9 /* Project27.app */ = {isa = PBXFileReference; explicitFileType = wrapper.application; includeInIndex = 0; path = Project27.app; sourceTree = BUILT_PRODUCTS_DIR; };
		CD96A43F2562B6B900AAFAC9 /* AppDelegate.swift */ = {isa = PBXFileReference; lastKnownFileType = sourcecode.swift; path = AppDelegate.swift; sourceTree = "<group>"; };
		CD96A4412562B6B900AAFAC9 /* SceneDelegate.swift */ = {isa = PBXFileReference; lastKnownFileType = sourcecode.swift; path = SceneDelegate.swift; sourceTree = "<group>"; };
		CD96A4432562B6B900AAFAC9 /* ViewController.swift */ = {isa = PBXFileReference; lastKnownFileType = sourcecode.swift; path = ViewController.swift; sourceTree = "<group>"; };
		CD96A4462562B6B900AAFAC9 /* Base */ = {isa = PBXFileReference; lastKnownFileType = file.storyboard; name = Base; path = Base.lproj/Main.storyboard; sourceTree = "<group>"; };
		CD96A4482562B6B900AAFAC9 /* Assets.xcassets */ = {isa = PBXFileReference; lastKnownFileType = folder.assetcatalog; path = Assets.xcassets; sourceTree = "<group>"; };
		CD96A44B2562B6B900AAFAC9 /* Base */ = {isa = PBXFileReference; lastKnownFileType = file.storyboard; name = Base; path = Base.lproj/LaunchScreen.storyboard; sourceTree = "<group>"; };
		CD96A44D2562B6B900AAFAC9 /* Info.plist */ = {isa = PBXFileReference; lastKnownFileType = text.plist.xml; path = Info.plist; sourceTree = "<group>"; };
/* End PBXFileReference section */

/* Begin PBXFrameworksBuildPhase section */
		CD96A4392562B6B900AAFAC9 /* Frameworks */ = {
			isa = PBXFrameworksBuildPhase;
			buildActionMask = 2147483647;
			files = (
			);
			runOnlyForDeploymentPostprocessing = 0;
		};
/* End PBXFrameworksBuildPhase section */

/* Begin PBXGroup section */
		CD96A4332562B6B900AAFAC9 = {
			isa = PBXGroup;
			children = (
				CD96A43E2562B6B900AAFAC9 /* Project27 */,
				CD96A43D2562B6B900AAFAC9 /* Products */,
			);
			sourceTree = "<group>";
		};
		CD96A43D2562B6B900AAFAC9 /* Products */ = {
			isa = PBXGroup;
			children = (
				CD96A43C2562B6B900AAFAC9 /* Project27.app */,
			);
			name = Products;
			sourceTree = "<group>";
		};
		CD96A43E2562B6B900AAFAC9 /* Project27 */ = {
			isa = PBXGroup;
			children = (
				CD96A43F2562B6B900AAFAC9 /* AppDelegate.swift */,
				CD96A4412562B6B900AAFAC9 /* SceneDelegate.swift */,
				CD96A4432562B6B900AAFAC9 /* ViewController.swift */,
				CD96A4452562B6B900AAFAC9 /* Main.storyboard */,
				CD96A4482562B6B900AAFAC9 /* Assets.xcassets */,
				CD96A44A2562B6B900AAFAC9 /* LaunchScreen.storyboard */,
				CD96A44D2562B6B900AAFAC9 /* Info.plist */,
			);
			path = Project27;
			sourceTree = "<group>";
		};
/* End PBXGroup section */

/* Begin PBXNativeTarget section */
		CD96A43B2562B6B900AAFAC9 /* Project27 */ = {
			isa = PBXNativeTarget;
			buildConfigurationList = CD96A4502562B6B900AAFAC9 /* Build configuration list for PBXNativeTarget "Project27" */;
			buildPhases = (
				CD96A4382562B6B900AAFAC9 /* Sources */,
				CD96A4392562B6B900AAFAC9 /* Frameworks */,
				CD96A43A2562B6B900AAFAC9 /* Resources */,
			);
			buildRules = (
			);
			dependencies = (
			);
			name = Project27;
			productName = Project27;
			productReference = CD96A43C2562B6B900AAFAC9 /* Project27.app */;
			productType = "com.apple.product-type.application";
		};
/* End PBXNativeTarget section */

/* Begin PBXProject section */
		CD96A4342562B6B900AAFAC9 /* Project object */ = {
			isa = PBXProject;
			attributes = {
				LastSwiftUpdateCheck = 1210;
				LastUpgradeCheck = 1210;
				TargetAttributes = {
					CD96A43B2562B6B900AAFAC9 = {
						CreatedOnToolsVersion = 12.1;
					};
				};
			};
			buildConfigurationList = CD96A4372562B6B900AAFAC9 /* Build configuration list for PBXProject "Project27" */;
			compatibilityVersion = "Xcode 9.3";
			developmentRegion = en;
			hasScannedForEncodings = 0;
			knownRegions = (
				en,
				Base,
			);
			mainGroup = CD96A4332562B6B900AAFAC9;
			productRefGroup = CD96A43D2562B6B900AAFAC9 /* Products */;
			projectDirPath = "";
			projectRoot = "";
			targets = (
				CD96A43B2562B6B900AAFAC9 /* Project27 */,
			);
		};
/* End PBXProject section */

/* Begin PBXResourcesBuildPhase section */
		CD96A43A2562B6B900AAFAC9 /* Resources */ = {
			isa = PBXResourcesBuildPhase;
			buildActionMask = 2147483647;
			files = (
				CD96A44C2562B6B900AAFAC9 /* LaunchScreen.storyboard in Resources */,
				CD96A4492562B6B900AAFAC9 /* Assets.xcassets in Resources */,
				CD96A4472562B6B900AAFAC9 /* Main.storyboard in Resources */,
			);
			runOnlyForDeploymentPostprocessing = 0;
		};
/* End PBXResourcesBuildPhase section */

/* Begin PBXSourcesBuildPhase section */
		CD96A4382562B6B900AAFAC9 /* Sources */ = {
			isa = PBXSourcesBuildPhase;
			buildActionMask = 2147483647;
			files = (
				CD96A4442562B6B900AAFAC9 /* ViewController.swift in Sources */,
				CD96A4402562B6B900AAFAC9 /* AppDelegate.swift in Sources */,
				CD96A4422562B6B900AAFAC9 /* SceneDelegate.swift in Sources */,
			);
			runOnlyForDeploymentPostprocessing = 0;
		};
/* End PBXSourcesBuildPhase section */

/* Begin PBXVariantGroup section */
		CD96A4452562B6B900AAFAC9 /* Main.storyboard */ = {
			isa = PBXVariantGroup;
			children = (
				CD96A4462562B6B900AAFAC9 /* Base */,
			);
			name = Main.storyboard;
			sourceTree = "<group>";
		};
		CD96A44A2562B6B900AAFAC9 /* LaunchScreen.storyboard */ = {
			isa = PBXVariantGroup;
			children = (
				CD96A44B2562B6B900AAFAC9 /* Base */,
			);
			name = LaunchScreen.storyboard;
			sourceTree = "<group>";
		};
/* End PBXVariantGroup section */

/* Begin XCBuildConfiguration section */
		CD96A44E2562B6B900AAFAC9 /* Debug */ = {
			isa = XCBuildConfiguration;
			buildSettings = {
				ALWAYS_SEARCH_USER_PATHS = NO;
				CLANG_ANALYZER_NONNULL = YES;
				CLANG_ANALYZER_NUMBER_OBJECT_CONVERSION = YES_AGGRESSIVE;
				CLANG_CXX_LANGUAGE_STANDARD = "gnu++14";
				CLANG_CXX_LIBRARY = "libc++";
				CLANG_ENABLE_MODULES = YES;
				CLANG_ENABLE_OBJC_ARC = YES;
				CLANG_ENABLE_OBJC_WEAK = YES;
				CLANG_WARN_BLOCK_CAPTURE_AUTORELEASING = YES;
				CLANG_WARN_BOOL_CONVERSION = YES;
				CLANG_WARN_COMMA = YES;
				CLANG_WARN_CONSTANT_CONVERSION = YES;
				CLANG_WARN_DEPRECATED_OBJC_IMPLEMENTATIONS = YES;
				CLANG_WARN_DIRECT_OBJC_ISA_USAGE = YES_ERROR;
				CLANG_WARN_DOCUMENTATION_COMMENTS = YES;
				CLANG_WARN_EMPTY_BODY = YES;
				CLANG_WARN_ENUM_CONVERSION = YES;
				CLANG_WARN_INFINITE_RECURSION = YES;
				CLANG_WARN_INT_CONVERSION = YES;
				CLANG_WARN_NON_LITERAL_NULL_CONVERSION = YES;
				CLANG_WARN_OBJC_IMPLICIT_RETAIN_SELF = YES;
				CLANG_WARN_OBJC_LITERAL_CONVERSION = YES;
				CLANG_WARN_OBJC_ROOT_CLASS = YES_ERROR;
				CLANG_WARN_QUOTED_INCLUDE_IN_FRAMEWORK_HEADER = YES;
				CLANG_WARN_RANGE_LOOP_ANALYSIS = YES;
				CLANG_WARN_STRICT_PROTOTYPES = YES;
				CLANG_WARN_SUSPICIOUS_MOVE = YES;
				CLANG_WARN_UNGUARDED_AVAILABILITY = YES_AGGRESSIVE;
				CLANG_WARN_UNREACHABLE_CODE = YES;
				CLANG_WARN__DUPLICATE_METHOD_MATCH = YES;
				COPY_PHASE_STRIP = NO;
				DEBUG_INFORMATION_FORMAT = dwarf;
				ENABLE_STRICT_OBJC_MSGSEND = YES;
				ENABLE_TESTABILITY = YES;
				GCC_C_LANGUAGE_STANDARD = gnu11;
				GCC_DYNAMIC_NO_PIC = NO;
				GCC_NO_COMMON_BLOCKS = YES;
				GCC_OPTIMIZATION_LEVEL = 0;
				GCC_PREPROCESSOR_DEFINITIONS = (
					"DEBUG=1",
					"$(inherited)",
				);
				GCC_WARN_64_TO_32_BIT_CONVERSION = YES;
				GCC_WARN_ABOUT_RETURN_TYPE = YES_ERROR;
				GCC_WARN_UNDECLARED_SELECTOR = YES;
				GCC_WARN_UNINITIALIZED_AUTOS = YES_AGGRESSIVE;
				GCC_WARN_UNUSED_FUNCTION = YES;
				GCC_WARN_UNUSED_VARIABLE = YES;
				IPHONEOS_DEPLOYMENT_TARGET = 14.1;
				MTL_ENABLE_DEBUG_INFO = INCLUDE_SOURCE;
				MTL_FAST_MATH = YES;
				ONLY_ACTIVE_ARCH = YES;
				SDKROOT = iphoneos;
				SWIFT_ACTIVE_COMPILATION_CONDITIONS = DEBUG;
				SWIFT_OPTIMIZATION_LEVEL = "-Onone";
			};
			name = Debug;
		};
		CD96A44F2562B6B900AAFAC9 /* Release */ = {
			isa = XCBuildConfiguration;
			buildSettings = {
				ALWAYS_SEARCH_USER_PATHS = NO;
				CLANG_ANALYZER_NONNULL = YES;
				CLANG_ANALYZER_NUMBER_OBJECT_CONVERSION = YES_AGGRESSIVE;
				CLANG_CXX_LANGUAGE_STANDARD = "gnu++14";
				CLANG_CXX_LIBRARY = "libc++";
				CLANG_ENABLE_MODULES = YES;
				CLANG_ENABLE_OBJC_ARC = YES;
				CLANG_ENABLE_OBJC_WEAK = YES;
				CLANG_WARN_BLOCK_CAPTURE_AUTORELEASING = YES;
				CLANG_WARN_BOOL_CONVERSION = YES;
				CLANG_WARN_COMMA = YES;
				CLANG_WARN_CONSTANT_CONVERSION = YES;
				CLANG_WARN_DEPRECATED_OBJC_IMPLEMENTATIONS = YES;
				CLANG_WARN_DIRECT_OBJC_ISA_USAGE = YES_ERROR;
				CLANG_WARN_DOCUMENTATION_COMMENTS = YES;
				CLANG_WARN_EMPTY_BODY = YES;
				CLANG_WARN_ENUM_CONVERSION = YES;
				CLANG_WARN_INFINITE_RECURSION = YES;
				CLANG_WARN_INT_CONVERSION = YES;
				CLANG_WARN_NON_LITERAL_NULL_CONVERSION = YES;
				CLANG_WARN_OBJC_IMPLICIT_RETAIN_SELF = YES;
				CLANG_WARN_OBJC_LITERAL_CONVERSION = YES;
				CLANG_WARN_OBJC_ROOT_CLASS = YES_ERROR;
				CLANG_WARN_QUOTED_INCLUDE_IN_FRAMEWORK_HEADER = YES;
				CLANG_WARN_RANGE_LOOP_ANALYSIS = YES;
				CLANG_WARN_STRICT_PROTOTYPES = YES;
				CLANG_WARN_SUSPICIOUS_MOVE = YES;
				CLANG_WARN_UNGUARDED_AVAILABILITY = YES_AGGRESSIVE;
				CLANG_WARN_UNREACHABLE_CODE = YES;
				CLANG_WARN__DUPLICATE_METHOD_MATCH = YES;
				COPY_PHASE_STRIP = NO;
				DEBUG_INFORMATION_FORMAT = "dwarf-with-dsym";
				ENABLE_NS_ASSERTIONS = NO;
				ENABLE_STRICT_OBJC_MSGSEND = YES;
				GCC_C_LANGUAGE_STANDARD = gnu11;
				GCC_NO_COMMON_BLOCKS = YES;
				GCC_WARN_64_TO_32_BIT_CONVERSION = YES;
				GCC_WARN_ABOUT_RETURN_TYPE = YES_ERROR;
				GCC_WARN_UNDECLARED_SELECTOR = YES;
				GCC_WARN_UNINITIALIZED_AUTOS = YES_AGGRESSIVE;
				GCC_WARN_UNUSED_FUNCTION = YES;
				GCC_WARN_UNUSED_VARIABLE = YES;
				IPHONEOS_DEPLOYMENT_TARGET = 14.1;
				MTL_ENABLE_DEBUG_INFO = NO;
				MTL_FAST_MATH = YES;
				SDKROOT = iphoneos;
				SWIFT_COMPILATION_MODE = wholemodule;
				SWIFT_OPTIMIZATION_LEVEL = "-O";
				VALIDATE_PRODUCT = YES;
			};
			name = Release;
		};
		CD96A4512562B6B900AAFAC9 /* Debug */ = {
			isa = XCBuildConfiguration;
			buildSettings = {
				ASSETCATALOG_COMPILER_APPICON_NAME = AppIcon;
				ASSETCATALOG_COMPILER_GLOBAL_ACCENT_COLOR_NAME = AccentColor;
				CODE_SIGN_STYLE = Automatic;
				DEVELOPMENT_TEAM = Z7788V56C7;
				INFOPLIST_FILE = Project27/Info.plist;
				LD_RUNPATH_SEARCH_PATHS = (
					"$(inherited)",
					"@executable_path/Frameworks",
				);
				PRODUCT_BUNDLE_IDENTIFIER = com.vladvrublevsky.Project27;
				PRODUCT_NAME = "$(TARGET_NAME)";
				SWIFT_VERSION = 5.0;
				TARGETED_DEVICE_FAMILY = "1,2";
			};
			name = Debug;
		};
		CD96A4522562B6B900AAFAC9 /* Release */ = {
			isa = XCBuildConfiguration;
			buildSettings = {
				ASSETCATALOG_COMPILER_APPICON_NAME = AppIcon;
				ASSETCATALOG_COMPILER_GLOBAL_ACCENT_COLOR_NAME = AccentColor;
				CODE_SIGN_STYLE = Automatic;
				DEVELOPMENT_TEAM = Z7788V56C7;
				INFOPLIST_FILE = Project27/Info.plist;
				LD_RUNPATH_SEARCH_PATHS = (
					"$(inherited)",
					"@executable_path/Frameworks",
				);
				PRODUCT_BUNDLE_IDENTIFIER = com.vladvrublevsky.Project27;
				PRODUCT_NAME = "$(TARGET_NAME)";
				SWIFT_VERSION = 5.0;
				TARGETED_DEVICE_FAMILY = "1,2";
			};
			name = Release;
		};
/* End XCBuildConfiguration section */

/* Begin XCConfigurationList section */
		CD96A4372562B6B900AAFAC9 /* Build configuration list for PBXProject "Project27" */ = {
			isa = XCConfigurationList;
			buildConfigurations = (
				CD96A44E2562B6B900AAFAC9 /* Debug */,
				CD96A44F2562B6B900AAFAC9 /* Release */,
			);
			defaultConfigurationIsVisible = 0;
			defaultConfigurationName = Release;
		};
		CD96A4502562B6B900AAFAC9 /* Build configuration list for PBXNativeTarget "Project27" */ = {
			isa = XCConfigurationList;
			buildConfigurations = (
				CD96A4512562B6B900AAFAC9 /* Debug */,
				CD96A4522562B6B900AAFAC9 /* Release */,
			);
			defaultConfigurationIsVisible = 0;
			defaultConfigurationName = Release;
		};
/* End XCConfigurationList section */
	};
	rootObject = CD96A4342562B6B900AAFAC9 /* Project object */;
}
