// !$*UTF8*$!
{
	archiveVersion = 1;
	classes = {
	};
	objectVersion = 50;
	objects = {

/* Begin PBXBuildFile section */
		CDBC6DDC24EDB623006AD6A6 /* AppDelegate.swift in Sources */ = {isa = PBXBuildFile; fileRef = CDBC6DDB24EDB623006AD6A6 /* AppDelegate.swift */; };
		CDBC6DDE24EDB623006AD6A6 /* SceneDelegate.swift in Sources */ = {isa = PBXBuildFile; fileRef = CDBC6DDD24EDB623006AD6A6 /* SceneDelegate.swift */; };
		CDBC6DE024EDB623006AD6A6 /* ViewController.swift in Sources */ = {isa = PBXBuildFile; fileRef = CDBC6DDF24EDB623006AD6A6 /* ViewController.swift */; };
		CDBC6DE324EDB623006AD6A6 /* Main.storyboard in Resources */ = {isa = PBXBuildFile; fileRef = CDBC6DE124EDB623006AD6A6 /* Main.storyboard */; };
		CDBC6DE524EDB624006AD6A6 /* Assets.xcassets in Resources */ = {isa = PBXBuildFile; fileRef = CDBC6DE424EDB624006AD6A6 /* Assets.xcassets */; };
		CDBC6DE824EDB624006AD6A6 /* LaunchScreen.storyboard in Resources */ = {isa = PBXBuildFile; fileRef = CDBC6DE624EDB624006AD6A6 /* LaunchScreen.storyboard */; };
		CDBC6DF324EDB625006AD6A6 /* Milestone2Tests.swift in Sources */ = {isa = PBXBuildFile; fileRef = CDBC6DF224EDB625006AD6A6 /* Milestone2Tests.swift */; };
		CDBC6DFE24EDB625006AD6A6 /* Milestone2UITests.swift in Sources */ = {isa = PBXBuildFile; fileRef = CDBC6DFD24EDB625006AD6A6 /* Milestone2UITests.swift */; };
/* End PBXBuildFile section */

/* Begin PBXContainerItemProxy section */
		CDBC6DEF24EDB624006AD6A6 /* PBXContainerItemProxy */ = {
			isa = PBXContainerItemProxy;
			containerPortal = CDBC6DD024EDB623006AD6A6 /* Project object */;
			proxyType = 1;
			remoteGlobalIDString = CDBC6DD724EDB623006AD6A6;
			remoteInfo = Milestone2;
		};
		CDBC6DFA24EDB625006AD6A6 /* PBXContainerItemProxy */ = {
			isa = PBXContainerItemProxy;
			containerPortal = CDBC6DD024EDB623006AD6A6 /* Project object */;
			proxyType = 1;
			remoteGlobalIDString = CDBC6DD724EDB623006AD6A6;
			remoteInfo = Milestone2;
		};
/* End PBXContainerItemProxy section */

/* Begin PBXFileReference section */
		CDBC6DD824EDB623006AD6A6 /* Milestone2.app */ = {isa = PBXFileReference; explicitFileType = wrapper.application; includeInIndex = 0; path = Milestone2.app; sourceTree = BUILT_PRODUCTS_DIR; };
		CDBC6DDB24EDB623006AD6A6 /* AppDelegate.swift */ = {isa = PBXFileReference; lastKnownFileType = sourcecode.swift; path = AppDelegate.swift; sourceTree = "<group>"; };
		CDBC6DDD24EDB623006AD6A6 /* SceneDelegate.swift */ = {isa = PBXFileReference; lastKnownFileType = sourcecode.swift; path = SceneDelegate.swift; sourceTree = "<group>"; };
		CDBC6DDF24EDB623006AD6A6 /* ViewController.swift */ = {isa = PBXFileReference; lastKnownFileType = sourcecode.swift; path = ViewController.swift; sourceTree = "<group>"; };
		CDBC6DE224EDB623006AD6A6 /* Base */ = {isa = PBXFileReference; lastKnownFileType = file.storyboard; name = Base; path = Base.lproj/Main.storyboard; sourceTree = "<group>"; };
		CDBC6DE424EDB624006AD6A6 /* Assets.xcassets */ = {isa = PBXFileReference; lastKnownFileType = folder.assetcatalog; path = Assets.xcassets; sourceTree = "<group>"; };
		CDBC6DE724EDB624006AD6A6 /* Base */ = {isa = PBXFileReference; lastKnownFileType = file.storyboard; name = Base; path = Base.lproj/LaunchScreen.storyboard; sourceTree = "<group>"; };
		CDBC6DE924EDB624006AD6A6 /* Info.plist */ = {isa = PBXFileReference; lastKnownFileType = text.plist.xml; path = Info.plist; sourceTree = "<group>"; };
		CDBC6DEE24EDB624006AD6A6 /* Milestone2Tests.xctest */ = {isa = PBXFileReference; explicitFileType = wrapper.cfbundle; includeInIndex = 0; path = Milestone2Tests.xctest; sourceTree = BUILT_PRODUCTS_DIR; };
		CDBC6DF224EDB625006AD6A6 /* Milestone2Tests.swift */ = {isa = PBXFileReference; lastKnownFileType = sourcecode.swift; path = Milestone2Tests.swift; sourceTree = "<group>"; };
		CDBC6DF424EDB625006AD6A6 /* Info.plist */ = {isa = PBXFileReference; lastKnownFileType = text.plist.xml; path = Info.plist; sourceTree = "<group>"; };
		CDBC6DF924EDB625006AD6A6 /* Milestone2UITests.xctest */ = {isa = PBXFileReference; explicitFileType = wrapper.cfbundle; includeInIndex = 0; path = Milestone2UITests.xctest; sourceTree = BUILT_PRODUCTS_DIR; };
		CDBC6DFD24EDB625006AD6A6 /* Milestone2UITests.swift */ = {isa = PBXFileReference; lastKnownFileType = sourcecode.swift; path = Milestone2UITests.swift; sourceTree = "<group>"; };
		CDBC6DFF24EDB625006AD6A6 /* Info.plist */ = {isa = PBXFileReference; lastKnownFileType = text.plist.xml; path = Info.plist; sourceTree = "<group>"; };
/* End PBXFileReference section */

/* Begin PBXFrameworksBuildPhase section */
		CDBC6DD524EDB623006AD6A6 /* Frameworks */ = {
			isa = PBXFrameworksBuildPhase;
			buildActionMask = 2147483647;
			files = (
			);
			runOnlyForDeploymentPostprocessing = 0;
		};
		CDBC6DEB24EDB624006AD6A6 /* Frameworks */ = {
			isa = PBXFrameworksBuildPhase;
			buildActionMask = 2147483647;
			files = (
			);
			runOnlyForDeploymentPostprocessing = 0;
		};
		CDBC6DF624EDB625006AD6A6 /* Frameworks */ = {
			isa = PBXFrameworksBuildPhase;
			buildActionMask = 2147483647;
			files = (
			);
			runOnlyForDeploymentPostprocessing = 0;
		};
/* End PBXFrameworksBuildPhase section */

/* Begin PBXGroup section */
		CDBC6DCF24EDB623006AD6A6 = {
			isa = PBXGroup;
			children = (
				CDBC6DDA24EDB623006AD6A6 /* Milestone2 */,
				CDBC6DF124EDB625006AD6A6 /* Milestone2Tests */,
				CDBC6DFC24EDB625006AD6A6 /* Milestone2UITests */,
				CDBC6DD924EDB623006AD6A6 /* Products */,
			);
			sourceTree = "<group>";
		};
		CDBC6DD924EDB623006AD6A6 /* Products */ = {
			isa = PBXGroup;
			children = (
				CDBC6DD824EDB623006AD6A6 /* Milestone2.app */,
				CDBC6DEE24EDB624006AD6A6 /* Milestone2Tests.xctest */,
				CDBC6DF924EDB625006AD6A6 /* Milestone2UITests.xctest */,
			);
			name = Products;
			sourceTree = "<group>";
		};
		CDBC6DDA24EDB623006AD6A6 /* Milestone2 */ = {
			isa = PBXGroup;
			children = (
				CDBC6DDB24EDB623006AD6A6 /* AppDelegate.swift */,
				CDBC6DDD24EDB623006AD6A6 /* SceneDelegate.swift */,
				CDBC6DDF24EDB623006AD6A6 /* ViewController.swift */,
				CDBC6DE124EDB623006AD6A6 /* Main.storyboard */,
				CDBC6DE424EDB624006AD6A6 /* Assets.xcassets */,
				CDBC6DE624EDB624006AD6A6 /* LaunchScreen.storyboard */,
				CDBC6DE924EDB624006AD6A6 /* Info.plist */,
			);
			path = Milestone2;
			sourceTree = "<group>";
		};
		CDBC6DF124EDB625006AD6A6 /* Milestone2Tests */ = {
			isa = PBXGroup;
			children = (
				CDBC6DF224EDB625006AD6A6 /* Milestone2Tests.swift */,
				CDBC6DF424EDB625006AD6A6 /* Info.plist */,
			);
			path = Milestone2Tests;
			sourceTree = "<group>";
		};
		CDBC6DFC24EDB625006AD6A6 /* Milestone2UITests */ = {
			isa = PBXGroup;
			children = (
				CDBC6DFD24EDB625006AD6A6 /* Milestone2UITests.swift */,
				CDBC6DFF24EDB625006AD6A6 /* Info.plist */,
			);
			path = Milestone2UITests;
			sourceTree = "<group>";
		};
/* End PBXGroup section */

/* Begin PBXNativeTarget section */
		CDBC6DD724EDB623006AD6A6 /* Milestone2 */ = {
			isa = PBXNativeTarget;
			buildConfigurationList = CDBC6E0224EDB625006AD6A6 /* Build configuration list for PBXNativeTarget "Milestone2" */;
			buildPhases = (
				CDBC6DD424EDB623006AD6A6 /* Sources */,
				CDBC6DD524EDB623006AD6A6 /* Frameworks */,
				CDBC6DD624EDB623006AD6A6 /* Resources */,
			);
			buildRules = (
			);
			dependencies = (
			);
			name = Milestone2;
			productName = Milestone2;
			productReference = CDBC6DD824EDB623006AD6A6 /* Milestone2.app */;
			productType = "com.apple.product-type.application";
		};
		CDBC6DED24EDB624006AD6A6 /* Milestone2Tests */ = {
			isa = PBXNativeTarget;
			buildConfigurationList = CDBC6E0524EDB625006AD6A6 /* Build configuration list for PBXNativeTarget "Milestone2Tests" */;
			buildPhases = (
				CDBC6DEA24EDB624006AD6A6 /* Sources */,
				CDBC6DEB24EDB624006AD6A6 /* Frameworks */,
				CDBC6DEC24EDB624006AD6A6 /* Resources */,
			);
			buildRules = (
			);
			dependencies = (
				CDBC6DF024EDB624006AD6A6 /* PBXTargetDependency */,
			);
			name = Milestone2Tests;
			productName = Milestone2Tests;
			productReference = CDBC6DEE24EDB624006AD6A6 /* Milestone2Tests.xctest */;
			productType = "com.apple.product-type.bundle.unit-test";
		};
		CDBC6DF824EDB625006AD6A6 /* Milestone2UITests */ = {
			isa = PBXNativeTarget;
			buildConfigurationList = CDBC6E0824EDB625006AD6A6 /* Build configuration list for PBXNativeTarget "Milestone2UITests" */;
			buildPhases = (
				CDBC6DF524EDB625006AD6A6 /* Sources */,
				CDBC6DF624EDB625006AD6A6 /* Frameworks */,
				CDBC6DF724EDB625006AD6A6 /* Resources */,
			);
			buildRules = (
			);
			dependencies = (
				CDBC6DFB24EDB625006AD6A6 /* PBXTargetDependency */,
			);
			name = Milestone2UITests;
			productName = Milestone2UITests;
			productReference = CDBC6DF924EDB625006AD6A6 /* Milestone2UITests.xctest */;
			productType = "com.apple.product-type.bundle.ui-testing";
		};
/* End PBXNativeTarget section */

/* Begin PBXProject section */
		CDBC6DD024EDB623006AD6A6 /* Project object */ = {
			isa = PBXProject;
			attributes = {
				LastSwiftUpdateCheck = 1200;
				LastUpgradeCheck = 1200;
				TargetAttributes = {
					CDBC6DD724EDB623006AD6A6 = {
						CreatedOnToolsVersion = 12.0;
					};
					CDBC6DED24EDB624006AD6A6 = {
						CreatedOnToolsVersion = 12.0;
						TestTargetID = CDBC6DD724EDB623006AD6A6;
					};
					CDBC6DF824EDB625006AD6A6 = {
						CreatedOnToolsVersion = 12.0;
						TestTargetID = CDBC6DD724EDB623006AD6A6;
					};
				};
			};
			buildConfigurationList = CDBC6DD324EDB623006AD6A6 /* Build configuration list for PBXProject "Milestone2" */;
			compatibilityVersion = "Xcode 9.3";
			developmentRegion = en;
			hasScannedForEncodings = 0;
			knownRegions = (
				en,
				Base,
			);
			mainGroup = CDBC6DCF24EDB623006AD6A6;
			productRefGroup = CDBC6DD924EDB623006AD6A6 /* Products */;
			projectDirPath = "";
			projectRoot = "";
			targets = (
				CDBC6DD724EDB623006AD6A6 /* Milestone2 */,
				CDBC6DED24EDB624006AD6A6 /* Milestone2Tests */,
				CDBC6DF824EDB625006AD6A6 /* Milestone2UITests */,
			);
		};
/* End PBXProject section */

/* Begin PBXResourcesBuildPhase section */
		CDBC6DD624EDB623006AD6A6 /* Resources */ = {
			isa = PBXResourcesBuildPhase;
			buildActionMask = 2147483647;
			files = (
				CDBC6DE824EDB624006AD6A6 /* LaunchScreen.storyboard in Resources */,
				CDBC6DE524EDB624006AD6A6 /* Assets.xcassets in Resources */,
				CDBC6DE324EDB623006AD6A6 /* Main.storyboard in Resources */,
			);
			runOnlyForDeploymentPostprocessing = 0;
		};
		CDBC6DEC24EDB624006AD6A6 /* Resources */ = {
			isa = PBXResourcesBuildPhase;
			buildActionMask = 2147483647;
			files = (
			);
			runOnlyForDeploymentPostprocessing = 0;
		};
		CDBC6DF724EDB625006AD6A6 /* Resources */ = {
			isa = PBXResourcesBuildPhase;
			buildActionMask = 2147483647;
			files = (
			);
			runOnlyForDeploymentPostprocessing = 0;
		};
/* End PBXResourcesBuildPhase section */

/* Begin PBXSourcesBuildPhase section */
		CDBC6DD424EDB623006AD6A6 /* Sources */ = {
			isa = PBXSourcesBuildPhase;
			buildActionMask = 2147483647;
			files = (
				CDBC6DE024EDB623006AD6A6 /* ViewController.swift in Sources */,
				CDBC6DDC24EDB623006AD6A6 /* AppDelegate.swift in Sources */,
				CDBC6DDE24EDB623006AD6A6 /* SceneDelegate.swift in Sources */,
			);
			runOnlyForDeploymentPostprocessing = 0;
		};
		CDBC6DEA24EDB624006AD6A6 /* Sources */ = {
			isa = PBXSourcesBuildPhase;
			buildActionMask = 2147483647;
			files = (
				CDBC6DF324EDB625006AD6A6 /* Milestone2Tests.swift in Sources */,
			);
			runOnlyForDeploymentPostprocessing = 0;
		};
		CDBC6DF524EDB625006AD6A6 /* Sources */ = {
			isa = PBXSourcesBuildPhase;
			buildActionMask = 2147483647;
			files = (
				CDBC6DFE24EDB625006AD6A6 /* Milestone2UITests.swift in Sources */,
			);
			runOnlyForDeploymentPostprocessing = 0;
		};
/* End PBXSourcesBuildPhase section */

/* Begin PBXTargetDependency section */
		CDBC6DF024EDB624006AD6A6 /* PBXTargetDependency */ = {
			isa = PBXTargetDependency;
			target = CDBC6DD724EDB623006AD6A6 /* Milestone2 */;
			targetProxy = CDBC6DEF24EDB624006AD6A6 /* PBXContainerItemProxy */;
		};
		CDBC6DFB24EDB625006AD6A6 /* PBXTargetDependency */ = {
			isa = PBXTargetDependency;
			target = CDBC6DD724EDB623006AD6A6 /* Milestone2 */;
			targetProxy = CDBC6DFA24EDB625006AD6A6 /* PBXContainerItemProxy */;
		};
/* End PBXTargetDependency section */

/* Begin PBXVariantGroup section */
		CDBC6DE124EDB623006AD6A6 /* Main.storyboard */ = {
			isa = PBXVariantGroup;
			children = (
				CDBC6DE224EDB623006AD6A6 /* Base */,
			);
			name = Main.storyboard;
			sourceTree = "<group>";
		};
		CDBC6DE624EDB624006AD6A6 /* LaunchScreen.storyboard */ = {
			isa = PBXVariantGroup;
			children = (
				CDBC6DE724EDB624006AD6A6 /* Base */,
			);
			name = LaunchScreen.storyboard;
			sourceTree = "<group>";
		};
/* End PBXVariantGroup section */

/* Begin XCBuildConfiguration section */
		CDBC6E0024EDB625006AD6A6 /* Debug */ = {
			isa = XCBuildConfiguration;
			buildSettings = {
				ALWAYS_SEARCH_USER_PATHS = NO;
				CLANG_ANALYZER_NONNULL = YES;
				CLANG_ANALYZER_NUMBER_OBJECT_CONVERSION = YES_AGGRESSIVE;
				CLANG_CXX_LANGUAGE_STANDARD = "gnu++14";
				CLANG_CXX_LIBRARY = "libc++";
				CLANG_ENABLE_MODULES = YES;
				CLANG_ENABLE_OBJC_ARC = YES;
				CLANG_ENABLE_OBJC_WEAK = YES;
				CLANG_WARN_BLOCK_CAPTURE_AUTORELEASING = YES;
				CLANG_WARN_BOOL_CONVERSION = YES;
				CLANG_WARN_COMMA = YES;
				CLANG_WARN_CONSTANT_CONVERSION = YES;
				CLANG_WARN_DEPRECATED_OBJC_IMPLEMENTATIONS = YES;
				CLANG_WARN_DIRECT_OBJC_ISA_USAGE = YES_ERROR;
				CLANG_WARN_DOCUMENTATION_COMMENTS = YES;
				CLANG_WARN_EMPTY_BODY = YES;
				CLANG_WARN_ENUM_CONVERSION = YES;
				CLANG_WARN_INFINITE_RECURSION = YES;
				CLANG_WARN_INT_CONVERSION = YES;
				CLANG_WARN_NON_LITERAL_NULL_CONVERSION = YES;
				CLANG_WARN_OBJC_IMPLICIT_RETAIN_SELF = YES;
				CLANG_WARN_OBJC_LITERAL_CONVERSION = YES;
				CLANG_WARN_OBJC_ROOT_CLASS = YES_ERROR;
				CLANG_WARN_QUOTED_INCLUDE_IN_FRAMEWORK_HEADER = YES;
				CLANG_WARN_RANGE_LOOP_ANALYSIS = YES;
				CLANG_WARN_STRICT_PROTOTYPES = YES;
				CLANG_WARN_SUSPICIOUS_MOVE = YES;
				CLANG_WARN_UNGUARDED_AVAILABILITY = YES_AGGRESSIVE;
				CLANG_WARN_UNREACHABLE_CODE = YES;
				CLANG_WARN__DUPLICATE_METHOD_MATCH = YES;
				COPY_PHASE_STRIP = NO;
				DEBUG_INFORMATION_FORMAT = dwarf;
				ENABLE_STRICT_OBJC_MSGSEND = YES;
				ENABLE_TESTABILITY = YES;
				GCC_C_LANGUAGE_STANDARD = gnu11;
				GCC_DYNAMIC_NO_PIC = NO;
				GCC_NO_COMMON_BLOCKS = YES;
				GCC_OPTIMIZATION_LEVEL = 0;
				GCC_PREPROCESSOR_DEFINITIONS = (
					"DEBUG=1",
					"$(inherited)",
				);
				GCC_WARN_64_TO_32_BIT_CONVERSION = YES;
				GCC_WARN_ABOUT_RETURN_TYPE = YES_ERROR;
				GCC_WARN_UNDECLARED_SELECTOR = YES;
				GCC_WARN_UNINITIALIZED_AUTOS = YES_AGGRESSIVE;
				GCC_WARN_UNUSED_FUNCTION = YES;
				GCC_WARN_UNUSED_VARIABLE = YES;
				IPHONEOS_DEPLOYMENT_TARGET = 14.0;
				MTL_ENABLE_DEBUG_INFO = INCLUDE_SOURCE;
				MTL_FAST_MATH = YES;
				ONLY_ACTIVE_ARCH = YES;
				SDKROOT = iphoneos;
				SWIFT_ACTIVE_COMPILATION_CONDITIONS = DEBUG;
				SWIFT_OPTIMIZATION_LEVEL = "-Onone";
			};
			name = Debug;
		};
		CDBC6E0124EDB625006AD6A6 /* Release */ = {
			isa = XCBuildConfiguration;
			buildSettings = {
				ALWAYS_SEARCH_USER_PATHS = NO;
				CLANG_ANALYZER_NONNULL = YES;
				CLANG_ANALYZER_NUMBER_OBJECT_CONVERSION = YES_AGGRESSIVE;
				CLANG_CXX_LANGUAGE_STANDARD = "gnu++14";
				CLANG_CXX_LIBRARY = "libc++";
				CLANG_ENABLE_MODULES = YES;
				CLANG_ENABLE_OBJC_ARC = YES;
				CLANG_ENABLE_OBJC_WEAK = YES;
				CLANG_WARN_BLOCK_CAPTURE_AUTORELEASING = YES;
				CLANG_WARN_BOOL_CONVERSION = YES;
				CLANG_WARN_COMMA = YES;
				CLANG_WARN_CONSTANT_CONVERSION = YES;
				CLANG_WARN_DEPRECATED_OBJC_IMPLEMENTATIONS = YES;
				CLANG_WARN_DIRECT_OBJC_ISA_USAGE = YES_ERROR;
				CLANG_WARN_DOCUMENTATION_COMMENTS = YES;
				CLANG_WARN_EMPTY_BODY = YES;
				CLANG_WARN_ENUM_CONVERSION = YES;
				CLANG_WARN_INFINITE_RECURSION = YES;
				CLANG_WARN_INT_CONVERSION = YES;
				CLANG_WARN_NON_LITERAL_NULL_CONVERSION = YES;
				CLANG_WARN_OBJC_IMPLICIT_RETAIN_SELF = YES;
				CLANG_WARN_OBJC_LITERAL_CONVERSION = YES;
				CLANG_WARN_OBJC_ROOT_CLASS = YES_ERROR;
				CLANG_WARN_QUOTED_INCLUDE_IN_FRAMEWORK_HEADER = YES;
				CLANG_WARN_RANGE_LOOP_ANALYSIS = YES;
				CLANG_WARN_STRICT_PROTOTYPES = YES;
				CLANG_WARN_SUSPICIOUS_MOVE = YES;
				CLANG_WARN_UNGUARDED_AVAILABILITY = YES_AGGRESSIVE;
				CLANG_WARN_UNREACHABLE_CODE = YES;
				CLANG_WARN__DUPLICATE_METHOD_MATCH = YES;
				COPY_PHASE_STRIP = NO;
				DEBUG_INFORMATION_FORMAT = "dwarf-with-dsym";
				ENABLE_NS_ASSERTIONS = NO;
				ENABLE_STRICT_OBJC_MSGSEND = YES;
				GCC_C_LANGUAGE_STANDARD = gnu11;
				GCC_NO_COMMON_BLOCKS = YES;
				GCC_WARN_64_TO_32_BIT_CONVERSION = YES;
				GCC_WARN_ABOUT_RETURN_TYPE = YES_ERROR;
				GCC_WARN_UNDECLARED_SELECTOR = YES;
				GCC_WARN_UNINITIALIZED_AUTOS = YES_AGGRESSIVE;
				GCC_WARN_UNUSED_FUNCTION = YES;
				GCC_WARN_UNUSED_VARIABLE = YES;
				IPHONEOS_DEPLOYMENT_TARGET = 14.0;
				MTL_ENABLE_DEBUG_INFO = NO;
				MTL_FAST_MATH = YES;
				SDKROOT = iphoneos;
				SWIFT_COMPILATION_MODE = wholemodule;
				SWIFT_OPTIMIZATION_LEVEL = "-O";
				VALIDATE_PRODUCT = YES;
			};
			name = Release;
		};
		CDBC6E0324EDB625006AD6A6 /* Debug */ = {
			isa = XCBuildConfiguration;
			buildSettings = {
				ASSETCATALOG_COMPILER_APPICON_NAME = AppIcon;
				ASSETCATALOG_COMPILER_GLOBAL_ACCENT_COLOR_NAME = AccentColor;
				CODE_SIGN_STYLE = Automatic;
				DEVELOPMENT_TEAM = Z7788V56C7;
				INFOPLIST_FILE = Milestone2/Info.plist;
				IPHONEOS_DEPLOYMENT_TARGET = 13.5;
				LD_RUNPATH_SEARCH_PATHS = (
					"$(inherited)",
					"@executable_path/Frameworks",
				);
				PRODUCT_BUNDLE_IDENTIFIER = com.vladvrublevsky.Milestone2;
				PRODUCT_NAME = "$(TARGET_NAME)";
				SWIFT_VERSION = 5.0;
				TARGETED_DEVICE_FAMILY = "1,2";
			};
			name = Debug;
		};
		CDBC6E0424EDB625006AD6A6 /* Release */ = {
			isa = XCBuildConfiguration;
			buildSettings = {
				ASSETCATALOG_COMPILER_APPICON_NAME = AppIcon;
				ASSETCATALOG_COMPILER_GLOBAL_ACCENT_COLOR_NAME = AccentColor;
				CODE_SIGN_STYLE = Automatic;
				DEVELOPMENT_TEAM = Z7788V56C7;
				INFOPLIST_FILE = Milestone2/Info.plist;
				IPHONEOS_DEPLOYMENT_TARGET = 13.5;
				LD_RUNPATH_SEARCH_PATHS = (
					"$(inherited)",
					"@executable_path/Frameworks",
				);
				PRODUCT_BUNDLE_IDENTIFIER = com.vladvrublevsky.Milestone2;
				PRODUCT_NAME = "$(TARGET_NAME)";
				SWIFT_VERSION = 5.0;
				TARGETED_DEVICE_FAMILY = "1,2";
			};
			name = Release;
		};
		CDBC6E0624EDB625006AD6A6 /* Debug */ = {
			isa = XCBuildConfiguration;
			buildSettings = {
				ALWAYS_EMBED_SWIFT_STANDARD_LIBRARIES = YES;
				BUNDLE_LOADER = "$(TEST_HOST)";
				CODE_SIGN_STYLE = Automatic;
				DEVELOPMENT_TEAM = Z7788V56C7;
				INFOPLIST_FILE = Milestone2Tests/Info.plist;
				IPHONEOS_DEPLOYMENT_TARGET = 14.0;
				LD_RUNPATH_SEARCH_PATHS = (
					"$(inherited)",
					"@executable_path/Frameworks",
					"@loader_path/Frameworks",
				);
				PRODUCT_BUNDLE_IDENTIFIER = com.vladvrublevsky.Milestone2Tests;
				PRODUCT_NAME = "$(TARGET_NAME)";
				SWIFT_VERSION = 5.0;
				TARGETED_DEVICE_FAMILY = "1,2";
				TEST_HOST = "$(BUILT_PRODUCTS_DIR)/Milestone2.app/Milestone2";
			};
			name = Debug;
		};
		CDBC6E0724EDB625006AD6A6 /* Release */ = {
			isa = XCBuildConfiguration;
			buildSettings = {
				ALWAYS_EMBED_SWIFT_STANDARD_LIBRARIES = YES;
				BUNDLE_LOADER = "$(TEST_HOST)";
				CODE_SIGN_STYLE = Automatic;
				DEVELOPMENT_TEAM = Z7788V56C7;
				INFOPLIST_FILE = Milestone2Tests/Info.plist;
				IPHONEOS_DEPLOYMENT_TARGET = 14.0;
				LD_RUNPATH_SEARCH_PATHS = (
					"$(inherited)",
					"@executable_path/Frameworks",
					"@loader_path/Frameworks",
				);
				PRODUCT_BUNDLE_IDENTIFIER = com.vladvrublevsky.Milestone2Tests;
				PRODUCT_NAME = "$(TARGET_NAME)";
				SWIFT_VERSION = 5.0;
				TARGETED_DEVICE_FAMILY = "1,2";
				TEST_HOST = "$(BUILT_PRODUCTS_DIR)/Milestone2.app/Milestone2";
			};
			name = Release;
		};
		CDBC6E0924EDB625006AD6A6 /* Debug */ = {
			isa = XCBuildConfiguration;
			buildSettings = {
				ALWAYS_EMBED_SWIFT_STANDARD_LIBRARIES = YES;
				CODE_SIGN_STYLE = Automatic;
				DEVELOPMENT_TEAM = Z7788V56C7;
				INFOPLIST_FILE = Milestone2UITests/Info.plist;
				LD_RUNPATH_SEARCH_PATHS = (
					"$(inherited)",
					"@executable_path/Frameworks",
					"@loader_path/Frameworks",
				);
				PRODUCT_BUNDLE_IDENTIFIER = com.vladvrublevsky.Milestone2UITests;
				PRODUCT_NAME = "$(TARGET_NAME)";
				SWIFT_VERSION = 5.0;
				TARGETED_DEVICE_FAMILY = "1,2";
				TEST_TARGET_NAME = Milestone2;
			};
			name = Debug;
		};
		CDBC6E0A24EDB625006AD6A6 /* Release */ = {
			isa = XCBuildConfiguration;
			buildSettings = {
				ALWAYS_EMBED_SWIFT_STANDARD_LIBRARIES = YES;
				CODE_SIGN_STYLE = Automatic;
				DEVELOPMENT_TEAM = Z7788V56C7;
				INFOPLIST_FILE = Milestone2UITests/Info.plist;
				LD_RUNPATH_SEARCH_PATHS = (
					"$(inherited)",
					"@executable_path/Frameworks",
					"@loader_path/Frameworks",
				);
				PRODUCT_BUNDLE_IDENTIFIER = com.vladvrublevsky.Milestone2UITests;
				PRODUCT_NAME = "$(TARGET_NAME)";
				SWIFT_VERSION = 5.0;
				TARGETED_DEVICE_FAMILY = "1,2";
				TEST_TARGET_NAME = Milestone2;
			};
			name = Release;
		};
/* End XCBuildConfiguration section */

/* Begin XCConfigurationList section */
		CDBC6DD324EDB623006AD6A6 /* Build configuration list for PBXProject "Milestone2" */ = {
			isa = XCConfigurationList;
			buildConfigurations = (
				CDBC6E0024EDB625006AD6A6 /* Debug */,
				CDBC6E0124EDB625006AD6A6 /* Release */,
			);
			defaultConfigurationIsVisible = 0;
			defaultConfigurationName = Release;
		};
		CDBC6E0224EDB625006AD6A6 /* Build configuration list for PBXNativeTarget "Milestone2" */ = {
			isa = XCConfigurationList;
			buildConfigurations = (
				CDBC6E0324EDB625006AD6A6 /* Debug */,
				CDBC6E0424EDB625006AD6A6 /* Release */,
			);
			defaultConfigurationIsVisible = 0;
			defaultConfigurationName = Release;
		};
		CDBC6E0524EDB625006AD6A6 /* Build configuration list for PBXNativeTarget "Milestone2Tests" */ = {
			isa = XCConfigurationList;
			buildConfigurations = (
				CDBC6E0624EDB625006AD6A6 /* Debug */,
				CDBC6E0724EDB625006AD6A6 /* Release */,
			);
			defaultConfigurationIsVisible = 0;
			defaultConfigurationName = Release;
		};
		CDBC6E0824EDB625006AD6A6 /* Build configuration list for PBXNativeTarget "Milestone2UITests" */ = {
			isa = XCConfigurationList;
			buildConfigurations = (
				CDBC6E0924EDB625006AD6A6 /* Debug */,
				CDBC6E0A24EDB625006AD6A6 /* Release */,
			);
			defaultConfigurationIsVisible = 0;
			defaultConfigurationName = Release;
		};
/* End XCConfigurationList section */
	};
	rootObject = CDBC6DD024EDB623006AD6A6 /* Project object */;
}
