// !$*UTF8*$!
{
	archiveVersion = 1;
	classes = {
	};
	objectVersion = 50;
	objects = {

/* Begin PBXBuildFile section */
		CDB6C45925B0C295005E31DA /* AppDelegate.swift in Sources */ = {isa = PBXBuildFile; fileRef = CDB6C45825B0C295005E31DA /* AppDelegate.swift */; };
		CDB6C45B25B0C295005E31DA /* SceneDelegate.swift in Sources */ = {isa = PBXBuildFile; fileRef = CDB6C45A25B0C295005E31DA /* SceneDelegate.swift */; };
		CDB6C45D25B0C295005E31DA /* ViewController.swift in Sources */ = {isa = PBXBuildFile; fileRef = CDB6C45C25B0C295005E31DA /* ViewController.swift */; };
		CDB6C46025B0C295005E31DA /* Main.storyboard in Resources */ = {isa = PBXBuildFile; fileRef = CDB6C45E25B0C295005E31DA /* Main.storyboard */; };
		CDB6C46225B0C296005E31DA /* Assets.xcassets in Resources */ = {isa = PBXBuildFile; fileRef = CDB6C46125B0C296005E31DA /* Assets.xcassets */; };
		CDB6C46525B0C296005E31DA /* LaunchScreen.storyboard in Resources */ = {isa = PBXBuildFile; fileRef = CDB6C46325B0C296005E31DA /* LaunchScreen.storyboard */; };
		CDB6C46F25B0C4FC005E31DA /* CardCellView.swift in Sources */ = {isa = PBXBuildFile; fileRef = CDB6C46E25B0C4FC005E31DA /* CardCellView.swift */; };
		CDB6C47225B0C59D005E31DA /* CollectionView.swift in Sources */ = {isa = PBXBuildFile; fileRef = CDB6C47125B0C59D005E31DA /* CollectionView.swift */; };
		CDB6C47C25B0CC94005E31DA /* Pairs.swift in Sources */ = {isa = PBXBuildFile; fileRef = CDB6C47B25B0CC94005E31DA /* Pairs.swift */; };
/* End PBXBuildFile section */

/* Begin PBXFileReference section */
		CDB6C45525B0C295005E31DA /* PairsGame.app */ = {isa = PBXFileReference; explicitFileType = wrapper.application; includeInIndex = 0; path = PairsGame.app; sourceTree = BUILT_PRODUCTS_DIR; };
		CDB6C45825B0C295005E31DA /* AppDelegate.swift */ = {isa = PBXFileReference; lastKnownFileType = sourcecode.swift; path = AppDelegate.swift; sourceTree = "<group>"; };
		CDB6C45A25B0C295005E31DA /* SceneDelegate.swift */ = {isa = PBXFileReference; lastKnownFileType = sourcecode.swift; path = SceneDelegate.swift; sourceTree = "<group>"; };
		CDB6C45C25B0C295005E31DA /* ViewController.swift */ = {isa = PBXFileReference; lastKnownFileType = sourcecode.swift; path = ViewController.swift; sourceTree = "<group>"; };
		CDB6C45F25B0C295005E31DA /* Base */ = {isa = PBXFileReference; lastKnownFileType = file.storyboard; name = Base; path = Base.lproj/Main.storyboard; sourceTree = "<group>"; };
		CDB6C46125B0C296005E31DA /* Assets.xcassets */ = {isa = PBXFileReference; lastKnownFileType = folder.assetcatalog; path = Assets.xcassets; sourceTree = "<group>"; };
		CDB6C46425B0C296005E31DA /* Base */ = {isa = PBXFileReference; lastKnownFileType = file.storyboard; name = Base; path = Base.lproj/LaunchScreen.storyboard; sourceTree = "<group>"; };
		CDB6C46625B0C296005E31DA /* Info.plist */ = {isa = PBXFileReference; lastKnownFileType = text.plist.xml; path = Info.plist; sourceTree = "<group>"; };
		CDB6C46E25B0C4FC005E31DA /* CardCellView.swift */ = {isa = PBXFileReference; lastKnownFileType = sourcecode.swift; path = CardCellView.swift; sourceTree = "<group>"; };
		CDB6C47125B0C59D005E31DA /* CollectionView.swift */ = {isa = PBXFileReference; lastKnownFileType = sourcecode.swift; path = CollectionView.swift; sourceTree = "<group>"; };
		CDB6C47B25B0CC94005E31DA /* Pairs.swift */ = {isa = PBXFileReference; lastKnownFileType = sourcecode.swift; path = Pairs.swift; sourceTree = "<group>"; };
/* End PBXFileReference section */

/* Begin PBXFrameworksBuildPhase section */
		CDB6C45225B0C295005E31DA /* Frameworks */ = {
			isa = PBXFrameworksBuildPhase;
			buildActionMask = 2147483647;
			files = (
			);
			runOnlyForDeploymentPostprocessing = 0;
		};
/* End PBXFrameworksBuildPhase section */

/* Begin PBXGroup section */
		CDB6C44C25B0C295005E31DA = {
			isa = PBXGroup;
			children = (
				CDB6C45725B0C295005E31DA /* PairsGame */,
				CDB6C45625B0C295005E31DA /* Products */,
			);
			sourceTree = "<group>";
		};
		CDB6C45625B0C295005E31DA /* Products */ = {
			isa = PBXGroup;
			children = (
				CDB6C45525B0C295005E31DA /* PairsGame.app */,
			);
			name = Products;
			sourceTree = "<group>";
		};
		CDB6C45725B0C295005E31DA /* PairsGame */ = {
			isa = PBXGroup;
			children = (
				CDB6C45825B0C295005E31DA /* AppDelegate.swift */,
				CDB6C45A25B0C295005E31DA /* SceneDelegate.swift */,
				CDB6C45C25B0C295005E31DA /* ViewController.swift */,
				CDB6C45E25B0C295005E31DA /* Main.storyboard */,
				CDB6C47B25B0CC94005E31DA /* Pairs.swift */,
				CDB6C47125B0C59D005E31DA /* CollectionView.swift */,
				CDB6C46E25B0C4FC005E31DA /* CardCellView.swift */,
				CDB6C46125B0C296005E31DA /* Assets.xcassets */,
				CDB6C46325B0C296005E31DA /* LaunchScreen.storyboard */,
				CDB6C46625B0C296005E31DA /* Info.plist */,
			);
			path = PairsGame;
			sourceTree = "<group>";
		};
/* End PBXGroup section */

/* Begin PBXNativeTarget section */
		CDB6C45425B0C295005E31DA /* PairsGame */ = {
			isa = PBXNativeTarget;
			buildConfigurationList = CDB6C46925B0C296005E31DA /* Build configuration list for PBXNativeTarget "PairsGame" */;
			buildPhases = (
				CDB6C45125B0C295005E31DA /* Sources */,
				CDB6C45225B0C295005E31DA /* Frameworks */,
				CDB6C45325B0C295005E31DA /* Resources */,
			);
			buildRules = (
			);
			dependencies = (
			);
			name = PairsGame;
			productName = PairsGame;
			productReference = CDB6C45525B0C295005E31DA /* PairsGame.app */;
			productType = "com.apple.product-type.application";
		};
/* End PBXNativeTarget section */

/* Begin PBXProject section */
		CDB6C44D25B0C295005E31DA /* Project object */ = {
			isa = PBXProject;
			attributes = {
				LastSwiftUpdateCheck = 1230;
				LastUpgradeCheck = 1230;
				TargetAttributes = {
					CDB6C45425B0C295005E31DA = {
						CreatedOnToolsVersion = 12.3;
					};
				};
			};
			buildConfigurationList = CDB6C45025B0C295005E31DA /* Build configuration list for PBXProject "PairsGame" */;
			compatibilityVersion = "Xcode 9.3";
			developmentRegion = en;
			hasScannedForEncodings = 0;
			knownRegions = (
				en,
				Base,
			);
			mainGroup = CDB6C44C25B0C295005E31DA;
			productRefGroup = CDB6C45625B0C295005E31DA /* Products */;
			projectDirPath = "";
			projectRoot = "";
			targets = (
				CDB6C45425B0C295005E31DA /* PairsGame */,
			);
		};
/* End PBXProject section */

/* Begin PBXResourcesBuildPhase section */
		CDB6C45325B0C295005E31DA /* Resources */ = {
			isa = PBXResourcesBuildPhase;
			buildActionMask = 2147483647;
			files = (
				CDB6C46525B0C296005E31DA /* LaunchScreen.storyboard in Resources */,
				CDB6C46225B0C296005E31DA /* Assets.xcassets in Resources */,
				CDB6C46025B0C295005E31DA /* Main.storyboard in Resources */,
			);
			runOnlyForDeploymentPostprocessing = 0;
		};
/* End PBXResourcesBuildPhase section */

/* Begin PBXSourcesBuildPhase section */
		CDB6C45125B0C295005E31DA /* Sources */ = {
			isa = PBXSourcesBuildPhase;
			buildActionMask = 2147483647;
			files = (
				CDB6C45D25B0C295005E31DA /* ViewController.swift in Sources */,
				CDB6C47C25B0CC94005E31DA /* Pairs.swift in Sources */,
				CDB6C47225B0C59D005E31DA /* CollectionView.swift in Sources */,
				CDB6C45925B0C295005E31DA /* AppDelegate.swift in Sources */,
				CDB6C46F25B0C4FC005E31DA /* CardCellView.swift in Sources */,
				CDB6C45B25B0C295005E31DA /* SceneDelegate.swift in Sources */,
			);
			runOnlyForDeploymentPostprocessing = 0;
		};
/* End PBXSourcesBuildPhase section */

/* Begin PBXVariantGroup section */
		CDB6C45E25B0C295005E31DA /* Main.storyboard */ = {
			isa = PBXVariantGroup;
			children = (
				CDB6C45F25B0C295005E31DA /* Base */,
			);
			name = Main.storyboard;
			sourceTree = "<group>";
		};
		CDB6C46325B0C296005E31DA /* LaunchScreen.storyboard */ = {
			isa = PBXVariantGroup;
			children = (
				CDB6C46425B0C296005E31DA /* Base */,
			);
			name = LaunchScreen.storyboard;
			sourceTree = "<group>";
		};
/* End PBXVariantGroup section */

/* Begin XCBuildConfiguration section */
		CDB6C46725B0C296005E31DA /* Debug */ = {
			isa = XCBuildConfiguration;
			buildSettings = {
				ALWAYS_SEARCH_USER_PATHS = NO;
				CLANG_ANALYZER_NONNULL = YES;
				CLANG_ANALYZER_NUMBER_OBJECT_CONVERSION = YES_AGGRESSIVE;
				CLANG_CXX_LANGUAGE_STANDARD = "gnu++14";
				CLANG_CXX_LIBRARY = "libc++";
				CLANG_ENABLE_MODULES = YES;
				CLANG_ENABLE_OBJC_ARC = YES;
				CLANG_ENABLE_OBJC_WEAK = YES;
				CLANG_WARN_BLOCK_CAPTURE_AUTORELEASING = YES;
				CLANG_WARN_BOOL_CONVERSION = YES;
				CLANG_WARN_COMMA = YES;
				CLANG_WARN_CONSTANT_CONVERSION = YES;
				CLANG_WARN_DEPRECATED_OBJC_IMPLEMENTATIONS = YES;
				CLANG_WARN_DIRECT_OBJC_ISA_USAGE = YES_ERROR;
				CLANG_WARN_DOCUMENTATION_COMMENTS = YES;
				CLANG_WARN_EMPTY_BODY = YES;
				CLANG_WARN_ENUM_CONVERSION = YES;
				CLANG_WARN_INFINITE_RECURSION = YES;
				CLANG_WARN_INT_CONVERSION = YES;
				CLANG_WARN_NON_LITERAL_NULL_CONVERSION = YES;
				CLANG_WARN_OBJC_IMPLICIT_RETAIN_SELF = YES;
				CLANG_WARN_OBJC_LITERAL_CONVERSION = YES;
				CLANG_WARN_OBJC_ROOT_CLASS = YES_ERROR;
				CLANG_WARN_QUOTED_INCLUDE_IN_FRAMEWORK_HEADER = YES;
				CLANG_WARN_RANGE_LOOP_ANALYSIS = YES;
				CLANG_WARN_STRICT_PROTOTYPES = YES;
				CLANG_WARN_SUSPICIOUS_MOVE = YES;
				CLANG_WARN_UNGUARDED_AVAILABILITY = YES_AGGRESSIVE;
				CLANG_WARN_UNREACHABLE_CODE = YES;
				CLANG_WARN__DUPLICATE_METHOD_MATCH = YES;
				COPY_PHASE_STRIP = NO;
				DEBUG_INFORMATION_FORMAT = dwarf;
				ENABLE_STRICT_OBJC_MSGSEND = YES;
				ENABLE_TESTABILITY = YES;
				GCC_C_LANGUAGE_STANDARD = gnu11;
				GCC_DYNAMIC_NO_PIC = NO;
				GCC_NO_COMMON_BLOCKS = YES;
				GCC_OPTIMIZATION_LEVEL = 0;
				GCC_PREPROCESSOR_DEFINITIONS = (
					"DEBUG=1",
					"$(inherited)",
				);
				GCC_WARN_64_TO_32_BIT_CONVERSION = YES;
				GCC_WARN_ABOUT_RETURN_TYPE = YES_ERROR;
				GCC_WARN_UNDECLARED_SELECTOR = YES;
				GCC_WARN_UNINITIALIZED_AUTOS = YES_AGGRESSIVE;
				GCC_WARN_UNUSED_FUNCTION = YES;
				GCC_WARN_UNUSED_VARIABLE = YES;
				IPHONEOS_DEPLOYMENT_TARGET = 14.3;
				MTL_ENABLE_DEBUG_INFO = INCLUDE_SOURCE;
				MTL_FAST_MATH = YES;
				ONLY_ACTIVE_ARCH = YES;
				SDKROOT = iphoneos;
				SWIFT_ACTIVE_COMPILATION_CONDITIONS = DEBUG;
				SWIFT_OPTIMIZATION_LEVEL = "-Onone";
			};
			name = Debug;
		};
		CDB6C46825B0C296005E31DA /* Release */ = {
			isa = XCBuildConfiguration;
			buildSettings = {
				ALWAYS_SEARCH_USER_PATHS = NO;
				CLANG_ANALYZER_NONNULL = YES;
				CLANG_ANALYZER_NUMBER_OBJECT_CONVERSION = YES_AGGRESSIVE;
				CLANG_CXX_LANGUAGE_STANDARD = "gnu++14";
				CLANG_CXX_LIBRARY = "libc++";
				CLANG_ENABLE_MODULES = YES;
				CLANG_ENABLE_OBJC_ARC = YES;
				CLANG_ENABLE_OBJC_WEAK = YES;
				CLANG_WARN_BLOCK_CAPTURE_AUTORELEASING = YES;
				CLANG_WARN_BOOL_CONVERSION = YES;
				CLANG_WARN_COMMA = YES;
				CLANG_WARN_CONSTANT_CONVERSION = YES;
				CLANG_WARN_DEPRECATED_OBJC_IMPLEMENTATIONS = YES;
				CLANG_WARN_DIRECT_OBJC_ISA_USAGE = YES_ERROR;
				CLANG_WARN_DOCUMENTATION_COMMENTS = YES;
				CLANG_WARN_EMPTY_BODY = YES;
				CLANG_WARN_ENUM_CONVERSION = YES;
				CLANG_WARN_INFINITE_RECURSION = YES;
				CLANG_WARN_INT_CONVERSION = YES;
				CLANG_WARN_NON_LITERAL_NULL_CONVERSION = YES;
				CLANG_WARN_OBJC_IMPLICIT_RETAIN_SELF = YES;
				CLANG_WARN_OBJC_LITERAL_CONVERSION = YES;
				CLANG_WARN_OBJC_ROOT_CLASS = YES_ERROR;
				CLANG_WARN_QUOTED_INCLUDE_IN_FRAMEWORK_HEADER = YES;
				CLANG_WARN_RANGE_LOOP_ANALYSIS = YES;
				CLANG_WARN_STRICT_PROTOTYPES = YES;
				CLANG_WARN_SUSPICIOUS_MOVE = YES;
				CLANG_WARN_UNGUARDED_AVAILABILITY = YES_AGGRESSIVE;
				CLANG_WARN_UNREACHABLE_CODE = YES;
				CLANG_WARN__DUPLICATE_METHOD_MATCH = YES;
				COPY_PHASE_STRIP = NO;
				DEBUG_INFORMATION_FORMAT = "dwarf-with-dsym";
				ENABLE_NS_ASSERTIONS = NO;
				ENABLE_STRICT_OBJC_MSGSEND = YES;
				GCC_C_LANGUAGE_STANDARD = gnu11;
				GCC_NO_COMMON_BLOCKS = YES;
				GCC_WARN_64_TO_32_BIT_CONVERSION = YES;
				GCC_WARN_ABOUT_RETURN_TYPE = YES_ERROR;
				GCC_WARN_UNDECLARED_SELECTOR = YES;
				GCC_WARN_UNINITIALIZED_AUTOS = YES_AGGRESSIVE;
				GCC_WARN_UNUSED_FUNCTION = YES;
				GCC_WARN_UNUSED_VARIABLE = YES;
				IPHONEOS_DEPLOYMENT_TARGET = 14.3;
				MTL_ENABLE_DEBUG_INFO = NO;
				MTL_FAST_MATH = YES;
				SDKROOT = iphoneos;
				SWIFT_COMPILATION_MODE = wholemodule;
				SWIFT_OPTIMIZATION_LEVEL = "-O";
				VALIDATE_PRODUCT = YES;
			};
			name = Release;
		};
		CDB6C46A25B0C296005E31DA /* Debug */ = {
			isa = XCBuildConfiguration;
			buildSettings = {
				ASSETCATALOG_COMPILER_APPICON_NAME = AppIcon;
				ASSETCATALOG_COMPILER_GLOBAL_ACCENT_COLOR_NAME = AccentColor;
				CODE_SIGN_STYLE = Automatic;
				DEVELOPMENT_TEAM = Z7788V56C7;
				INFOPLIST_FILE = PairsGame/Info.plist;
				IPHONEOS_DEPLOYMENT_TARGET = 13.0;
				LD_RUNPATH_SEARCH_PATHS = (
					"$(inherited)",
					"@executable_path/Frameworks",
				);
				PRODUCT_BUNDLE_IDENTIFIER = com.vladvrublevsky.PairsGame;
				PRODUCT_NAME = "$(TARGET_NAME)";
				SWIFT_VERSION = 5.0;
				TARGETED_DEVICE_FAMILY = "1,2";
			};
			name = Debug;
		};
		CDB6C46B25B0C296005E31DA /* Release */ = {
			isa = XCBuildConfiguration;
			buildSettings = {
				ASSETCATALOG_COMPILER_APPICON_NAME = AppIcon;
				ASSETCATALOG_COMPILER_GLOBAL_ACCENT_COLOR_NAME = AccentColor;
				CODE_SIGN_STYLE = Automatic;
				DEVELOPMENT_TEAM = Z7788V56C7;
				INFOPLIST_FILE = PairsGame/Info.plist;
				IPHONEOS_DEPLOYMENT_TARGET = 13.0;
				LD_RUNPATH_SEARCH_PATHS = (
					"$(inherited)",
					"@executable_path/Frameworks",
				);
				PRODUCT_BUNDLE_IDENTIFIER = com.vladvrublevsky.PairsGame;
				PRODUCT_NAME = "$(TARGET_NAME)";
				SWIFT_VERSION = 5.0;
				TARGETED_DEVICE_FAMILY = "1,2";
			};
			name = Release;
		};
/* End XCBuildConfiguration section */

/* Begin XCConfigurationList section */
		CDB6C45025B0C295005E31DA /* Build configuration list for PBXProject "PairsGame" */ = {
			isa = XCConfigurationList;
			buildConfigurations = (
				CDB6C46725B0C296005E31DA /* Debug */,
				CDB6C46825B0C296005E31DA /* Release */,
			);
			defaultConfigurationIsVisible = 0;
			defaultConfigurationName = Release;
		};
		CDB6C46925B0C296005E31DA /* Build configuration list for PBXNativeTarget "PairsGame" */ = {
			isa = XCConfigurationList;
			buildConfigurations = (
				CDB6C46A25B0C296005E31DA /* Debug */,
				CDB6C46B25B0C296005E31DA /* Release */,
			);
			defaultConfigurationIsVisible = 0;
			defaultConfigurationName = Release;
		};
/* End XCConfigurationList section */
	};
	rootObject = CDB6C44D25B0C295005E31DA /* Project object */;
}
