// !$*UTF8*$!
{
	archiveVersion = 1;
	classes = {
	};
	objectVersion = 50;
	objects = {

/* Begin PBXBuildFile section */
		CD35180824C9EA0E00468938 /* AppDelegate.swift in Sources */ = {isa = PBXBuildFile; fileRef = CD35180724C9EA0E00468938 /* AppDelegate.swift */; };
		CD35180A24C9EA0E00468938 /* SceneDelegate.swift in Sources */ = {isa = PBXBuildFile; fileRef = CD35180924C9EA0E00468938 /* SceneDelegate.swift */; };
		CD35180C24C9EA0E00468938 /* ViewController.swift in Sources */ = {isa = PBXBuildFile; fileRef = CD35180B24C9EA0E00468938 /* ViewController.swift */; };
		CD35180F24C9EA0E00468938 /* Main.storyboard in Resources */ = {isa = PBXBuildFile; fileRef = CD35180D24C9EA0E00468938 /* Main.storyboard */; };
		CD35181124C9EA0F00468938 /* Assets.xcassets in Resources */ = {isa = PBXBuildFile; fileRef = CD35181024C9EA0F00468938 /* Assets.xcassets */; };
		CD35181424C9EA0F00468938 /* LaunchScreen.storyboard in Resources */ = {isa = PBXBuildFile; fileRef = CD35181224C9EA0F00468938 /* LaunchScreen.storyboard */; };
/* End PBXBuildFile section */

/* Begin PBXFileReference section */
		CD35180424C9EA0E00468938 /* Challenge32.app */ = {isa = PBXFileReference; explicitFileType = wrapper.application; includeInIndex = 0; path = Challenge32.app; sourceTree = BUILT_PRODUCTS_DIR; };
		CD35180724C9EA0E00468938 /* AppDelegate.swift */ = {isa = PBXFileReference; lastKnownFileType = sourcecode.swift; path = AppDelegate.swift; sourceTree = "<group>"; };
		CD35180924C9EA0E00468938 /* SceneDelegate.swift */ = {isa = PBXFileReference; lastKnownFileType = sourcecode.swift; path = SceneDelegate.swift; sourceTree = "<group>"; };
		CD35180B24C9EA0E00468938 /* ViewController.swift */ = {isa = PBXFileReference; lastKnownFileType = sourcecode.swift; path = ViewController.swift; sourceTree = "<group>"; };
		CD35180E24C9EA0E00468938 /* Base */ = {isa = PBXFileReference; lastKnownFileType = file.storyboard; name = Base; path = Base.lproj/Main.storyboard; sourceTree = "<group>"; };
		CD35181024C9EA0F00468938 /* Assets.xcassets */ = {isa = PBXFileReference; lastKnownFileType = folder.assetcatalog; path = Assets.xcassets; sourceTree = "<group>"; };
		CD35181324C9EA0F00468938 /* Base */ = {isa = PBXFileReference; lastKnownFileType = file.storyboard; name = Base; path = Base.lproj/LaunchScreen.storyboard; sourceTree = "<group>"; };
		CD35181524C9EA0F00468938 /* Info.plist */ = {isa = PBXFileReference; lastKnownFileType = text.plist.xml; path = Info.plist; sourceTree = "<group>"; };
/* End PBXFileReference section */

/* Begin PBXFrameworksBuildPhase section */
		CD35180124C9EA0E00468938 /* Frameworks */ = {
			isa = PBXFrameworksBuildPhase;
			buildActionMask = 2147483647;
			files = (
			);
			runOnlyForDeploymentPostprocessing = 0;
		};
/* End PBXFrameworksBuildPhase section */

/* Begin PBXGroup section */
		CD3517FB24C9EA0E00468938 = {
			isa = PBXGroup;
			children = (
				CD35180624C9EA0E00468938 /* Challenge32 */,
				CD35180524C9EA0E00468938 /* Products */,
			);
			sourceTree = "<group>";
		};
		CD35180524C9EA0E00468938 /* Products */ = {
			isa = PBXGroup;
			children = (
				CD35180424C9EA0E00468938 /* Challenge32.app */,
			);
			name = Products;
			sourceTree = "<group>";
		};
		CD35180624C9EA0E00468938 /* Challenge32 */ = {
			isa = PBXGroup;
			children = (
				CD35180724C9EA0E00468938 /* AppDelegate.swift */,
				CD35180924C9EA0E00468938 /* SceneDelegate.swift */,
				CD35180B24C9EA0E00468938 /* ViewController.swift */,
				CD35180D24C9EA0E00468938 /* Main.storyboard */,
				CD35181024C9EA0F00468938 /* Assets.xcassets */,
				CD35181224C9EA0F00468938 /* LaunchScreen.storyboard */,
				CD35181524C9EA0F00468938 /* Info.plist */,
			);
			path = Challenge32;
			sourceTree = "<group>";
		};
/* End PBXGroup section */

/* Begin PBXNativeTarget section */
		CD35180324C9EA0E00468938 /* Challenge32 */ = {
			isa = PBXNativeTarget;
			buildConfigurationList = CD35181824C9EA0F00468938 /* Build configuration list for PBXNativeTarget "Challenge32" */;
			buildPhases = (
				CD35180024C9EA0E00468938 /* Sources */,
				CD35180124C9EA0E00468938 /* Frameworks */,
				CD35180224C9EA0E00468938 /* Resources */,
			);
			buildRules = (
			);
			dependencies = (
			);
			name = Challenge32;
			productName = Challenge32;
			productReference = CD35180424C9EA0E00468938 /* Challenge32.app */;
			productType = "com.apple.product-type.application";
		};
/* End PBXNativeTarget section */

/* Begin PBXProject section */
		CD3517FC24C9EA0E00468938 /* Project object */ = {
			isa = PBXProject;
			attributes = {
				LastSwiftUpdateCheck = 1160;
				LastUpgradeCheck = 1160;
				ORGANIZATIONNAME = "Vlad Vrublevsky";
				TargetAttributes = {
					CD35180324C9EA0E00468938 = {
						CreatedOnToolsVersion = 11.6;
					};
				};
			};
			buildConfigurationList = CD3517FF24C9EA0E00468938 /* Build configuration list for PBXProject "Challenge32" */;
			compatibilityVersion = "Xcode 9.3";
			developmentRegion = en;
			hasScannedForEncodings = 0;
			knownRegions = (
				en,
				Base,
			);
			mainGroup = CD3517FB24C9EA0E00468938;
			productRefGroup = CD35180524C9EA0E00468938 /* Products */;
			projectDirPath = "";
			projectRoot = "";
			targets = (
				CD35180324C9EA0E00468938 /* Challenge32 */,
			);
		};
/* End PBXProject section */

/* Begin PBXResourcesBuildPhase section */
		CD35180224C9EA0E00468938 /* Resources */ = {
			isa = PBXResourcesBuildPhase;
			buildActionMask = 2147483647;
			files = (
				CD35181424C9EA0F00468938 /* LaunchScreen.storyboard in Resources */,
				CD35181124C9EA0F00468938 /* Assets.xcassets in Resources */,
				CD35180F24C9EA0E00468938 /* Main.storyboard in Resources */,
			);
			runOnlyForDeploymentPostprocessing = 0;
		};
/* End PBXResourcesBuildPhase section */

/* Begin PBXSourcesBuildPhase section */
		CD35180024C9EA0E00468938 /* Sources */ = {
			isa = PBXSourcesBuildPhase;
			buildActionMask = 2147483647;
			files = (
				CD35180C24C9EA0E00468938 /* ViewController.swift in Sources */,
				CD35180824C9EA0E00468938 /* AppDelegate.swift in Sources */,
				CD35180A24C9EA0E00468938 /* SceneDelegate.swift in Sources */,
			);
			runOnlyForDeploymentPostprocessing = 0;
		};
/* End PBXSourcesBuildPhase section */

/* Begin PBXVariantGroup section */
		CD35180D24C9EA0E00468938 /* Main.storyboard */ = {
			isa = PBXVariantGroup;
			children = (
				CD35180E24C9EA0E00468938 /* Base */,
			);
			name = Main.storyboard;
			sourceTree = "<group>";
		};
		CD35181224C9EA0F00468938 /* LaunchScreen.storyboard */ = {
			isa = PBXVariantGroup;
			children = (
				CD35181324C9EA0F00468938 /* Base */,
			);
			name = LaunchScreen.storyboard;
			sourceTree = "<group>";
		};
/* End PBXVariantGroup section */

/* Begin XCBuildConfiguration section */
		CD35181624C9EA0F00468938 /* Debug */ = {
			isa = XCBuildConfiguration;
			buildSettings = {
				ALWAYS_SEARCH_USER_PATHS = NO;
				CLANG_ANALYZER_NONNULL = YES;
				CLANG_ANALYZER_NUMBER_OBJECT_CONVERSION = YES_AGGRESSIVE;
				CLANG_CXX_LANGUAGE_STANDARD = "gnu++14";
				CLANG_CXX_LIBRARY = "libc++";
				CLANG_ENABLE_MODULES = YES;
				CLANG_ENABLE_OBJC_ARC = YES;
				CLANG_ENABLE_OBJC_WEAK = YES;
				CLANG_WARN_BLOCK_CAPTURE_AUTORELEASING = YES;
				CLANG_WARN_BOOL_CONVERSION = YES;
				CLANG_WARN_COMMA = YES;
				CLANG_WARN_CONSTANT_CONVERSION = YES;
				CLANG_WARN_DEPRECATED_OBJC_IMPLEMENTATIONS = YES;
				CLANG_WARN_DIRECT_OBJC_ISA_USAGE = YES_ERROR;
				CLANG_WARN_DOCUMENTATION_COMMENTS = YES;
				CLANG_WARN_EMPTY_BODY = YES;
				CLANG_WARN_ENUM_CONVERSION = YES;
				CLANG_WARN_INFINITE_RECURSION = YES;
				CLANG_WARN_INT_CONVERSION = YES;
				CLANG_WARN_NON_LITERAL_NULL_CONVERSION = YES;
				CLANG_WARN_OBJC_IMPLICIT_RETAIN_SELF = YES;
				CLANG_WARN_OBJC_LITERAL_CONVERSION = YES;
				CLANG_WARN_OBJC_ROOT_CLASS = YES_ERROR;
				CLANG_WARN_RANGE_LOOP_ANALYSIS = YES;
				CLANG_WARN_STRICT_PROTOTYPES = YES;
				CLANG_WARN_SUSPICIOUS_MOVE = YES;
				CLANG_WARN_UNGUARDED_AVAILABILITY = YES_AGGRESSIVE;
				CLANG_WARN_UNREACHABLE_CODE = YES;
				CLANG_WARN__DUPLICATE_METHOD_MATCH = YES;
				COPY_PHASE_STRIP = NO;
				DEBUG_INFORMATION_FORMAT = dwarf;
				ENABLE_STRICT_OBJC_MSGSEND = YES;
				ENABLE_TESTABILITY = YES;
				GCC_C_LANGUAGE_STANDARD = gnu11;
				GCC_DYNAMIC_NO_PIC = NO;
				GCC_NO_COMMON_BLOCKS = YES;
				GCC_OPTIMIZATION_LEVEL = 0;
				GCC_PREPROCESSOR_DEFINITIONS = (
					"DEBUG=1",
					"$(inherited)",
				);
				GCC_WARN_64_TO_32_BIT_CONVERSION = YES;
				GCC_WARN_ABOUT_RETURN_TYPE = YES_ERROR;
				GCC_WARN_UNDECLARED_SELECTOR = YES;
				GCC_WARN_UNINITIALIZED_AUTOS = YES_AGGRESSIVE;
				GCC_WARN_UNUSED_FUNCTION = YES;
				GCC_WARN_UNUSED_VARIABLE = YES;
				IPHONEOS_DEPLOYMENT_TARGET = 13.6;
				MTL_ENABLE_DEBUG_INFO = INCLUDE_SOURCE;
				MTL_FAST_MATH = YES;
				ONLY_ACTIVE_ARCH = YES;
				SDKROOT = iphoneos;
				SWIFT_ACTIVE_COMPILATION_CONDITIONS = DEBUG;
				SWIFT_OPTIMIZATION_LEVEL = "-Onone";
			};
			name = Debug;
		};
		CD35181724C9EA0F00468938 /* Release */ = {
			isa = XCBuildConfiguration;
			buildSettings = {
				ALWAYS_SEARCH_USER_PATHS = NO;
				CLANG_ANALYZER_NONNULL = YES;
				CLANG_ANALYZER_NUMBER_OBJECT_CONVERSION = YES_AGGRESSIVE;
				CLANG_CXX_LANGUAGE_STANDARD = "gnu++14";
				CLANG_CXX_LIBRARY = "libc++";
				CLANG_ENABLE_MODULES = YES;
				CLANG_ENABLE_OBJC_ARC = YES;
				CLANG_ENABLE_OBJC_WEAK = YES;
				CLANG_WARN_BLOCK_CAPTURE_AUTORELEASING = YES;
				CLANG_WARN_BOOL_CONVERSION = YES;
				CLANG_WARN_COMMA = YES;
				CLANG_WARN_CONSTANT_CONVERSION = YES;
				CLANG_WARN_DEPRECATED_OBJC_IMPLEMENTATIONS = YES;
				CLANG_WARN_DIRECT_OBJC_ISA_USAGE = YES_ERROR;
				CLANG_WARN_DOCUMENTATION_COMMENTS = YES;
				CLANG_WARN_EMPTY_BODY = YES;
				CLANG_WARN_ENUM_CONVERSION = YES;
				CLANG_WARN_INFINITE_RECURSION = YES;
				CLANG_WARN_INT_CONVERSION = YES;
				CLANG_WARN_NON_LITERAL_NULL_CONVERSION = YES;
				CLANG_WARN_OBJC_IMPLICIT_RETAIN_SELF = YES;
				CLANG_WARN_OBJC_LITERAL_CONVERSION = YES;
				CLANG_WARN_OBJC_ROOT_CLASS = YES_ERROR;
				CLANG_WARN_RANGE_LOOP_ANALYSIS = YES;
				CLANG_WARN_STRICT_PROTOTYPES = YES;
				CLANG_WARN_SUSPICIOUS_MOVE = YES;
				CLANG_WARN_UNGUARDED_AVAILABILITY = YES_AGGRESSIVE;
				CLANG_WARN_UNREACHABLE_CODE = YES;
				CLANG_WARN__DUPLICATE_METHOD_MATCH = YES;
				COPY_PHASE_STRIP = NO;
				DEBUG_INFORMATION_FORMAT = "dwarf-with-dsym";
				ENABLE_NS_ASSERTIONS = NO;
				ENABLE_STRICT_OBJC_MSGSEND = YES;
				GCC_C_LANGUAGE_STANDARD = gnu11;
				GCC_NO_COMMON_BLOCKS = YES;
				GCC_WARN_64_TO_32_BIT_CONVERSION = YES;
				GCC_WARN_ABOUT_RETURN_TYPE = YES_ERROR;
				GCC_WARN_UNDECLARED_SELECTOR = YES;
				GCC_WARN_UNINITIALIZED_AUTOS = YES_AGGRESSIVE;
				GCC_WARN_UNUSED_FUNCTION = YES;
				GCC_WARN_UNUSED_VARIABLE = YES;
				IPHONEOS_DEPLOYMENT_TARGET = 13.6;
				MTL_ENABLE_DEBUG_INFO = NO;
				MTL_FAST_MATH = YES;
				SDKROOT = iphoneos;
				SWIFT_COMPILATION_MODE = wholemodule;
				SWIFT_OPTIMIZATION_LEVEL = "-O";
				VALIDATE_PRODUCT = YES;
			};
			name = Release;
		};
		CD35181924C9EA0F00468938 /* Debug */ = {
			isa = XCBuildConfiguration;
			buildSettings = {
				ASSETCATALOG_COMPILER_APPICON_NAME = AppIcon;
				CODE_SIGN_STYLE = Automatic;
				DEVELOPMENT_TEAM = Z7788V56C7;
				INFOPLIST_FILE = Challenge32/Info.plist;
				IPHONEOS_DEPLOYMENT_TARGET = 13.0;
				LD_RUNPATH_SEARCH_PATHS = (
					"$(inherited)",
					"@executable_path/Frameworks",
				);
				PRODUCT_BUNDLE_IDENTIFIER = com.vladvrublevsky.Challenge32;
				PRODUCT_NAME = "$(TARGET_NAME)";
				SWIFT_VERSION = 5.0;
				TARGETED_DEVICE_FAMILY = "1,2";
			};
			name = Debug;
		};
		CD35181A24C9EA0F00468938 /* Release */ = {
			isa = XCBuildConfiguration;
			buildSettings = {
				ASSETCATALOG_COMPILER_APPICON_NAME = AppIcon;
				CODE_SIGN_STYLE = Automatic;
				DEVELOPMENT_TEAM = Z7788V56C7;
				INFOPLIST_FILE = Challenge32/Info.plist;
				IPHONEOS_DEPLOYMENT_TARGET = 13.0;
				LD_RUNPATH_SEARCH_PATHS = (
					"$(inherited)",
					"@executable_path/Frameworks",
				);
				PRODUCT_BUNDLE_IDENTIFIER = com.vladvrublevsky.Challenge32;
				PRODUCT_NAME = "$(TARGET_NAME)";
				SWIFT_VERSION = 5.0;
				TARGETED_DEVICE_FAMILY = "1,2";
			};
			name = Release;
		};
/* End XCBuildConfiguration section */

/* Begin XCConfigurationList section */
		CD3517FF24C9EA0E00468938 /* Build configuration list for PBXProject "Challenge32" */ = {
			isa = XCConfigurationList;
			buildConfigurations = (
				CD35181624C9EA0F00468938 /* Debug */,
				CD35181724C9EA0F00468938 /* Release */,
			);
			defaultConfigurationIsVisible = 0;
			defaultConfigurationName = Release;
		};
		CD35181824C9EA0F00468938 /* Build configuration list for PBXNativeTarget "Challenge32" */ = {
			isa = XCConfigurationList;
			buildConfigurations = (
				CD35181924C9EA0F00468938 /* Debug */,
				CD35181A24C9EA0F00468938 /* Release */,
			);
			defaultConfigurationIsVisible = 0;
			defaultConfigurationName = Release;
		};
/* End XCConfigurationList section */
	};
	rootObject = CD3517FC24C9EA0E00468938 /* Project object */;
}
