// !$*UTF8*$!
{
	archiveVersion = 1;
	classes = {
	};
	objectVersion = 50;
	objects = {

/* Begin PBXBuildFile section */
		CDDDF2C524F45EDD000554EB /* AppDelegate.swift in Sources */ = {isa = PBXBuildFile; fileRef = CDDDF2C424F45EDD000554EB /* AppDelegate.swift */; };
		CDDDF2C724F45EDD000554EB /* SceneDelegate.swift in Sources */ = {isa = PBXBuildFile; fileRef = CDDDF2C624F45EDD000554EB /* SceneDelegate.swift */; };
		CDDDF2C924F45EDD000554EB /* ViewController.swift in Sources */ = {isa = PBXBuildFile; fileRef = CDDDF2C824F45EDD000554EB /* ViewController.swift */; };
		CDDDF2CC24F45EDD000554EB /* Main.storyboard in Resources */ = {isa = PBXBuildFile; fileRef = CDDDF2CA24F45EDD000554EB /* Main.storyboard */; };
		CDDDF2CE24F45EDE000554EB /* Assets.xcassets in Resources */ = {isa = PBXBuildFile; fileRef = CDDDF2CD24F45EDE000554EB /* Assets.xcassets */; };
		CDDDF2D124F45EDE000554EB /* LaunchScreen.storyboard in Resources */ = {isa = PBXBuildFile; fileRef = CDDDF2CF24F45EDE000554EB /* LaunchScreen.storyboard */; };
		CDDDF2D924F466B3000554EB /* NoteCellTableViewCell.swift in Sources */ = {isa = PBXBuildFile; fileRef = CDDDF2D824F466B3000554EB /* NoteCellTableViewCell.swift */; };
		CDDDF2DB24F468A8000554EB /* Note.swift in Sources */ = {isa = PBXBuildFile; fileRef = CDDDF2DA24F468A8000554EB /* Note.swift */; };
		CDDDF2DD24F47CBA000554EB /* NoteView.swift in Sources */ = {isa = PBXBuildFile; fileRef = CDDDF2DC24F47CBA000554EB /* NoteView.swift */; };
/* End PBXBuildFile section */

/* Begin PBXFileReference section */
		CDDDF2C124F45EDD000554EB /* Notes.app */ = {isa = PBXFileReference; explicitFileType = wrapper.application; includeInIndex = 0; path = Notes.app; sourceTree = BUILT_PRODUCTS_DIR; };
		CDDDF2C424F45EDD000554EB /* AppDelegate.swift */ = {isa = PBXFileReference; lastKnownFileType = sourcecode.swift; path = AppDelegate.swift; sourceTree = "<group>"; };
		CDDDF2C624F45EDD000554EB /* SceneDelegate.swift */ = {isa = PBXFileReference; lastKnownFileType = sourcecode.swift; path = SceneDelegate.swift; sourceTree = "<group>"; };
		CDDDF2C824F45EDD000554EB /* ViewController.swift */ = {isa = PBXFileReference; lastKnownFileType = sourcecode.swift; path = ViewController.swift; sourceTree = "<group>"; };
		CDDDF2CB24F45EDD000554EB /* Base */ = {isa = PBXFileReference; lastKnownFileType = file.storyboard; name = Base; path = Base.lproj/Main.storyboard; sourceTree = "<group>"; };
		CDDDF2CD24F45EDE000554EB /* Assets.xcassets */ = {isa = PBXFileReference; lastKnownFileType = folder.assetcatalog; path = Assets.xcassets; sourceTree = "<group>"; };
		CDDDF2D024F45EDE000554EB /* Base */ = {isa = PBXFileReference; lastKnownFileType = file.storyboard; name = Base; path = Base.lproj/LaunchScreen.storyboard; sourceTree = "<group>"; };
		CDDDF2D224F45EDE000554EB /* Info.plist */ = {isa = PBXFileReference; lastKnownFileType = text.plist.xml; path = Info.plist; sourceTree = "<group>"; };
		CDDDF2D824F466B3000554EB /* NoteCellTableViewCell.swift */ = {isa = PBXFileReference; lastKnownFileType = sourcecode.swift; path = NoteCellTableViewCell.swift; sourceTree = "<group>"; };
		CDDDF2DA24F468A8000554EB /* Note.swift */ = {isa = PBXFileReference; lastKnownFileType = sourcecode.swift; path = Note.swift; sourceTree = "<group>"; };
		CDDDF2DC24F47CBA000554EB /* NoteView.swift */ = {isa = PBXFileReference; lastKnownFileType = sourcecode.swift; path = NoteView.swift; sourceTree = "<group>"; };
/* End PBXFileReference section */

/* Begin PBXFrameworksBuildPhase section */
		CDDDF2BE24F45EDD000554EB /* Frameworks */ = {
			isa = PBXFrameworksBuildPhase;
			buildActionMask = 2147483647;
			files = (
			);
			runOnlyForDeploymentPostprocessing = 0;
		};
/* End PBXFrameworksBuildPhase section */

/* Begin PBXGroup section */
		CDDDF2B824F45EDD000554EB = {
			isa = PBXGroup;
			children = (
				CDDDF2C324F45EDD000554EB /* Notes */,
				CDDDF2C224F45EDD000554EB /* Products */,
			);
			sourceTree = "<group>";
		};
		CDDDF2C224F45EDD000554EB /* Products */ = {
			isa = PBXGroup;
			children = (
				CDDDF2C124F45EDD000554EB /* Notes.app */,
			);
			name = Products;
			sourceTree = "<group>";
		};
		CDDDF2C324F45EDD000554EB /* Notes */ = {
			isa = PBXGroup;
			children = (
				CDDDF2C424F45EDD000554EB /* AppDelegate.swift */,
				CDDDF2C624F45EDD000554EB /* SceneDelegate.swift */,
				CDDDF2C824F45EDD000554EB /* ViewController.swift */,
				CDDDF2DA24F468A8000554EB /* Note.swift */,
				CDDDF2CA24F45EDD000554EB /* Main.storyboard */,
				CDDDF2DC24F47CBA000554EB /* NoteView.swift */,
				CDDDF2D824F466B3000554EB /* NoteCellTableViewCell.swift */,
				CDDDF2CD24F45EDE000554EB /* Assets.xcassets */,
				CDDDF2CF24F45EDE000554EB /* LaunchScreen.storyboard */,
				CDDDF2D224F45EDE000554EB /* Info.plist */,
			);
			path = Notes;
			sourceTree = "<group>";
		};
/* End PBXGroup section */

/* Begin PBXNativeTarget section */
		CDDDF2C024F45EDD000554EB /* Notes */ = {
			isa = PBXNativeTarget;
			buildConfigurationList = CDDDF2D524F45EDE000554EB /* Build configuration list for PBXNativeTarget "Notes" */;
			buildPhases = (
				CDDDF2BD24F45EDD000554EB /* Sources */,
				CDDDF2BE24F45EDD000554EB /* Frameworks */,
				CDDDF2BF24F45EDD000554EB /* Resources */,
			);
			buildRules = (
			);
			dependencies = (
			);
			name = Notes;
			productName = Notes;
			productReference = CDDDF2C124F45EDD000554EB /* Notes.app */;
			productType = "com.apple.product-type.application";
		};
/* End PBXNativeTarget section */

/* Begin PBXProject section */
		CDDDF2B924F45EDD000554EB /* Project object */ = {
			isa = PBXProject;
			attributes = {
				LastSwiftUpdateCheck = 1200;
				LastUpgradeCheck = 1200;
				TargetAttributes = {
					CDDDF2C024F45EDD000554EB = {
						CreatedOnToolsVersion = 12.0;
					};
				};
			};
			buildConfigurationList = CDDDF2BC24F45EDD000554EB /* Build configuration list for PBXProject "Notes" */;
			compatibilityVersion = "Xcode 9.3";
			developmentRegion = en;
			hasScannedForEncodings = 0;
			knownRegions = (
				en,
				Base,
			);
			mainGroup = CDDDF2B824F45EDD000554EB;
			productRefGroup = CDDDF2C224F45EDD000554EB /* Products */;
			projectDirPath = "";
			projectRoot = "";
			targets = (
				CDDDF2C024F45EDD000554EB /* Notes */,
			);
		};
/* End PBXProject section */

/* Begin PBXResourcesBuildPhase section */
		CDDDF2BF24F45EDD000554EB /* Resources */ = {
			isa = PBXResourcesBuildPhase;
			buildActionMask = 2147483647;
			files = (
				CDDDF2D124F45EDE000554EB /* LaunchScreen.storyboard in Resources */,
				CDDDF2CE24F45EDE000554EB /* Assets.xcassets in Resources */,
				CDDDF2CC24F45EDD000554EB /* Main.storyboard in Resources */,
			);
			runOnlyForDeploymentPostprocessing = 0;
		};
/* End PBXResourcesBuildPhase section */

/* Begin PBXSourcesBuildPhase section */
		CDDDF2BD24F45EDD000554EB /* Sources */ = {
			isa = PBXSourcesBuildPhase;
			buildActionMask = 2147483647;
			files = (
				CDDDF2DB24F468A8000554EB /* Note.swift in Sources */,
				CDDDF2C924F45EDD000554EB /* ViewController.swift in Sources */,
				CDDDF2DD24F47CBA000554EB /* NoteView.swift in Sources */,
				CDDDF2C524F45EDD000554EB /* AppDelegate.swift in Sources */,
				CDDDF2C724F45EDD000554EB /* SceneDelegate.swift in Sources */,
				CDDDF2D924F466B3000554EB /* NoteCellTableViewCell.swift in Sources */,
			);
			runOnlyForDeploymentPostprocessing = 0;
		};
/* End PBXSourcesBuildPhase section */

/* Begin PBXVariantGroup section */
		CDDDF2CA24F45EDD000554EB /* Main.storyboard */ = {
			isa = PBXVariantGroup;
			children = (
				CDDDF2CB24F45EDD000554EB /* Base */,
			);
			name = Main.storyboard;
			sourceTree = "<group>";
		};
		CDDDF2CF24F45EDE000554EB /* LaunchScreen.storyboard */ = {
			isa = PBXVariantGroup;
			children = (
				CDDDF2D024F45EDE000554EB /* Base */,
			);
			name = LaunchScreen.storyboard;
			sourceTree = "<group>";
		};
/* End PBXVariantGroup section */

/* Begin XCBuildConfiguration section */
		CDDDF2D324F45EDE000554EB /* Debug */ = {
			isa = XCBuildConfiguration;
			buildSettings = {
				ALWAYS_SEARCH_USER_PATHS = NO;
				CLANG_ANALYZER_NONNULL = YES;
				CLANG_ANALYZER_NUMBER_OBJECT_CONVERSION = YES_AGGRESSIVE;
				CLANG_CXX_LANGUAGE_STANDARD = "gnu++14";
				CLANG_CXX_LIBRARY = "libc++";
				CLANG_ENABLE_MODULES = YES;
				CLANG_ENABLE_OBJC_ARC = YES;
				CLANG_ENABLE_OBJC_WEAK = YES;
				CLANG_WARN_BLOCK_CAPTURE_AUTORELEASING = YES;
				CLANG_WARN_BOOL_CONVERSION = YES;
				CLANG_WARN_COMMA = YES;
				CLANG_WARN_CONSTANT_CONVERSION = YES;
				CLANG_WARN_DEPRECATED_OBJC_IMPLEMENTATIONS = YES;
				CLANG_WARN_DIRECT_OBJC_ISA_USAGE = YES_ERROR;
				CLANG_WARN_DOCUMENTATION_COMMENTS = YES;
				CLANG_WARN_EMPTY_BODY = YES;
				CLANG_WARN_ENUM_CONVERSION = YES;
				CLANG_WARN_INFINITE_RECURSION = YES;
				CLANG_WARN_INT_CONVERSION = YES;
				CLANG_WARN_NON_LITERAL_NULL_CONVERSION = YES;
				CLANG_WARN_OBJC_IMPLICIT_RETAIN_SELF = YES;
				CLANG_WARN_OBJC_LITERAL_CONVERSION = YES;
				CLANG_WARN_OBJC_ROOT_CLASS = YES_ERROR;
				CLANG_WARN_QUOTED_INCLUDE_IN_FRAMEWORK_HEADER = YES;
				CLANG_WARN_RANGE_LOOP_ANALYSIS = YES;
				CLANG_WARN_STRICT_PROTOTYPES = YES;
				CLANG_WARN_SUSPICIOUS_MOVE = YES;
				CLANG_WARN_UNGUARDED_AVAILABILITY = YES_AGGRESSIVE;
				CLANG_WARN_UNREACHABLE_CODE = YES;
				CLANG_WARN__DUPLICATE_METHOD_MATCH = YES;
				COPY_PHASE_STRIP = NO;
				DEBUG_INFORMATION_FORMAT = dwarf;
				ENABLE_STRICT_OBJC_MSGSEND = YES;
				ENABLE_TESTABILITY = YES;
				GCC_C_LANGUAGE_STANDARD = gnu11;
				GCC_DYNAMIC_NO_PIC = NO;
				GCC_NO_COMMON_BLOCKS = YES;
				GCC_OPTIMIZATION_LEVEL = 0;
				GCC_PREPROCESSOR_DEFINITIONS = (
					"DEBUG=1",
					"$(inherited)",
				);
				GCC_WARN_64_TO_32_BIT_CONVERSION = YES;
				GCC_WARN_ABOUT_RETURN_TYPE = YES_ERROR;
				GCC_WARN_UNDECLARED_SELECTOR = YES;
				GCC_WARN_UNINITIALIZED_AUTOS = YES_AGGRESSIVE;
				GCC_WARN_UNUSED_FUNCTION = YES;
				GCC_WARN_UNUSED_VARIABLE = YES;
				IPHONEOS_DEPLOYMENT_TARGET = 14.0;
				MTL_ENABLE_DEBUG_INFO = INCLUDE_SOURCE;
				MTL_FAST_MATH = YES;
				ONLY_ACTIVE_ARCH = YES;
				SDKROOT = iphoneos;
				SWIFT_ACTIVE_COMPILATION_CONDITIONS = DEBUG;
				SWIFT_OPTIMIZATION_LEVEL = "-Onone";
			};
			name = Debug;
		};
		CDDDF2D424F45EDE000554EB /* Release */ = {
			isa = XCBuildConfiguration;
			buildSettings = {
				ALWAYS_SEARCH_USER_PATHS = NO;
				CLANG_ANALYZER_NONNULL = YES;
				CLANG_ANALYZER_NUMBER_OBJECT_CONVERSION = YES_AGGRESSIVE;
				CLANG_CXX_LANGUAGE_STANDARD = "gnu++14";
				CLANG_CXX_LIBRARY = "libc++";
				CLANG_ENABLE_MODULES = YES;
				CLANG_ENABLE_OBJC_ARC = YES;
				CLANG_ENABLE_OBJC_WEAK = YES;
				CLANG_WARN_BLOCK_CAPTURE_AUTORELEASING = YES;
				CLANG_WARN_BOOL_CONVERSION = YES;
				CLANG_WARN_COMMA = YES;
				CLANG_WARN_CONSTANT_CONVERSION = YES;
				CLANG_WARN_DEPRECATED_OBJC_IMPLEMENTATIONS = YES;
				CLANG_WARN_DIRECT_OBJC_ISA_USAGE = YES_ERROR;
				CLANG_WARN_DOCUMENTATION_COMMENTS = YES;
				CLANG_WARN_EMPTY_BODY = YES;
				CLANG_WARN_ENUM_CONVERSION = YES;
				CLANG_WARN_INFINITE_RECURSION = YES;
				CLANG_WARN_INT_CONVERSION = YES;
				CLANG_WARN_NON_LITERAL_NULL_CONVERSION = YES;
				CLANG_WARN_OBJC_IMPLICIT_RETAIN_SELF = YES;
				CLANG_WARN_OBJC_LITERAL_CONVERSION = YES;
				CLANG_WARN_OBJC_ROOT_CLASS = YES_ERROR;
				CLANG_WARN_QUOTED_INCLUDE_IN_FRAMEWORK_HEADER = YES;
				CLANG_WARN_RANGE_LOOP_ANALYSIS = YES;
				CLANG_WARN_STRICT_PROTOTYPES = YES;
				CLANG_WARN_SUSPICIOUS_MOVE = YES;
				CLANG_WARN_UNGUARDED_AVAILABILITY = YES_AGGRESSIVE;
				CLANG_WARN_UNREACHABLE_CODE = YES;
				CLANG_WARN__DUPLICATE_METHOD_MATCH = YES;
				COPY_PHASE_STRIP = NO;
				DEBUG_INFORMATION_FORMAT = "dwarf-with-dsym";
				ENABLE_NS_ASSERTIONS = NO;
				ENABLE_STRICT_OBJC_MSGSEND = YES;
				GCC_C_LANGUAGE_STANDARD = gnu11;
				GCC_NO_COMMON_BLOCKS = YES;
				GCC_WARN_64_TO_32_BIT_CONVERSION = YES;
				GCC_WARN_ABOUT_RETURN_TYPE = YES_ERROR;
				GCC_WARN_UNDECLARED_SELECTOR = YES;
				GCC_WARN_UNINITIALIZED_AUTOS = YES_AGGRESSIVE;
				GCC_WARN_UNUSED_FUNCTION = YES;
				GCC_WARN_UNUSED_VARIABLE = YES;
				IPHONEOS_DEPLOYMENT_TARGET = 14.0;
				MTL_ENABLE_DEBUG_INFO = NO;
				MTL_FAST_MATH = YES;
				SDKROOT = iphoneos;
				SWIFT_COMPILATION_MODE = wholemodule;
				SWIFT_OPTIMIZATION_LEVEL = "-O";
				VALIDATE_PRODUCT = YES;
			};
			name = Release;
		};
		CDDDF2D624F45EDE000554EB /* Debug */ = {
			isa = XCBuildConfiguration;
			buildSettings = {
				ASSETCATALOG_COMPILER_APPICON_NAME = AppIcon;
				ASSETCATALOG_COMPILER_GLOBAL_ACCENT_COLOR_NAME = AccentColor;
				CODE_SIGN_STYLE = Automatic;
				DEVELOPMENT_TEAM = Z7788V56C7;
				INFOPLIST_FILE = Notes/Info.plist;
				IPHONEOS_DEPLOYMENT_TARGET = 13.5;
				LD_RUNPATH_SEARCH_PATHS = (
					"$(inherited)",
					"@executable_path/Frameworks",
				);
				PRODUCT_BUNDLE_IDENTIFIER = com.vladvrublevsky.Notes;
				PRODUCT_NAME = "$(TARGET_NAME)";
				SWIFT_VERSION = 5.0;
				TARGETED_DEVICE_FAMILY = "1,2";
			};
			name = Debug;
		};
		CDDDF2D724F45EDE000554EB /* Release */ = {
			isa = XCBuildConfiguration;
			buildSettings = {
				ASSETCATALOG_COMPILER_APPICON_NAME = AppIcon;
				ASSETCATALOG_COMPILER_GLOBAL_ACCENT_COLOR_NAME = AccentColor;
				CODE_SIGN_STYLE = Automatic;
				DEVELOPMENT_TEAM = Z7788V56C7;
				INFOPLIST_FILE = Notes/Info.plist;
				IPHONEOS_DEPLOYMENT_TARGET = 13.5;
				LD_RUNPATH_SEARCH_PATHS = (
					"$(inherited)",
					"@executable_path/Frameworks",
				);
				PRODUCT_BUNDLE_IDENTIFIER = com.vladvrublevsky.Notes;
				PRODUCT_NAME = "$(TARGET_NAME)";
				SWIFT_VERSION = 5.0;
				TARGETED_DEVICE_FAMILY = "1,2";
			};
			name = Release;
		};
/* End XCBuildConfiguration section */

/* Begin XCConfigurationList section */
		CDDDF2BC24F45EDD000554EB /* Build configuration list for PBXProject "Notes" */ = {
			isa = XCConfigurationList;
			buildConfigurations = (
				CDDDF2D324F45EDE000554EB /* Debug */,
				CDDDF2D424F45EDE000554EB /* Release */,
			);
			defaultConfigurationIsVisible = 0;
			defaultConfigurationName = Release;
		};
		CDDDF2D524F45EDE000554EB /* Build configuration list for PBXNativeTarget "Notes" */ = {
			isa = XCConfigurationList;
			buildConfigurations = (
				CDDDF2D624F45EDE000554EB /* Debug */,
				CDDDF2D724F45EDE000554EB /* Release */,
			);
			defaultConfigurationIsVisible = 0;
			defaultConfigurationName = Release;
		};
/* End XCConfigurationList section */
	};
	rootObject = CDDDF2B924F45EDD000554EB /* Project object */;
}
