// !$*UTF8*$!
{
	archiveVersion = 1;
	classes = {
	};
	objectVersion = 50;
	objects = {

/* Begin PBXBuildFile section */
		CD06D07724EF506900AA162E /* AppDelegate.swift in Sources */ = {isa = PBXBuildFile; fileRef = CD06D07624EF506900AA162E /* AppDelegate.swift */; };
		CD06D07924EF506900AA162E /* GameScene.sks in Resources */ = {isa = PBXBuildFile; fileRef = CD06D07824EF506900AA162E /* GameScene.sks */; };
		CD06D07D24EF506900AA162E /* GameScene.swift in Sources */ = {isa = PBXBuildFile; fileRef = CD06D07C24EF506900AA162E /* GameScene.swift */; };
		CD06D07F24EF506900AA162E /* GameViewController.swift in Sources */ = {isa = PBXBuildFile; fileRef = CD06D07E24EF506900AA162E /* GameViewController.swift */; };
		CD06D08224EF506900AA162E /* Main.storyboard in Resources */ = {isa = PBXBuildFile; fileRef = CD06D08024EF506900AA162E /* Main.storyboard */; };
		CD06D08424EF506A00AA162E /* Assets.xcassets in Resources */ = {isa = PBXBuildFile; fileRef = CD06D08324EF506A00AA162E /* Assets.xcassets */; };
		CDA8675124F00E8F0055186D /* FireParticles.sks in Resources */ = {isa = PBXBuildFile; fileRef = CDA8674224F00E8F0055186D /* FireParticles.sks */; };
		CDA8675224F00E8F0055186D /* ballBlue@2x.png in Resources */ = {isa = PBXBuildFile; fileRef = CDA8674324F00E8F0055186D /* ballBlue@2x.png */; };
		CDA8675324F00E8F0055186D /* slotGlowBad@2x.png in Resources */ = {isa = PBXBuildFile; fileRef = CDA8674424F00E8F0055186D /* slotGlowBad@2x.png */; };
		CDA8675424F00E8F0055186D /* ballYellow@2x.png in Resources */ = {isa = PBXBuildFile; fileRef = CDA8674524F00E8F0055186D /* ballYellow@2x.png */; };
		CDA8675524F00E8F0055186D /* slotBaseGood@2x.png in Resources */ = {isa = PBXBuildFile; fileRef = CDA8674624F00E8F0055186D /* slotBaseGood@2x.png */; };
		CDA8675624F00E8F0055186D /* ballPurple@2x.png in Resources */ = {isa = PBXBuildFile; fileRef = CDA8674724F00E8F0055186D /* ballPurple@2x.png */; };
		CDA8675724F00E8F0055186D /* slotBaseBad@2x.png in Resources */ = {isa = PBXBuildFile; fileRef = CDA8674824F00E8F0055186D /* slotBaseBad@2x.png */; };
		CDA8675824F00E8F0055186D /* ballGrey@2x.png in Resources */ = {isa = PBXBuildFile; fileRef = CDA8674924F00E8F0055186D /* ballGrey@2x.png */; };
		CDA8675924F00E8F0055186D /* spark.png in Resources */ = {isa = PBXBuildFile; fileRef = CDA8674A24F00E8F0055186D /* spark.png */; };
		CDA8675A24F00E8F0055186D /* bouncer@2x.png in Resources */ = {isa = PBXBuildFile; fileRef = CDA8674B24F00E8F0055186D /* bouncer@2x.png */; };
		CDA8675B24F00E8F0055186D /* slotGlowGood@2x.png in Resources */ = {isa = PBXBuildFile; fileRef = CDA8674C24F00E8F0055186D /* slotGlowGood@2x.png */; };
		CDA8675C24F00E8F0055186D /* ballRed@2x.png in Resources */ = {isa = PBXBuildFile; fileRef = CDA8674D24F00E8F0055186D /* ballRed@2x.png */; };
		CDA8675D24F00E8F0055186D /* ballCyan@2x.png in Resources */ = {isa = PBXBuildFile; fileRef = CDA8674E24F00E8F0055186D /* ballCyan@2x.png */; };
		CDA8675E24F00E8F0055186D /* background@2x.jpg in Resources */ = {isa = PBXBuildFile; fileRef = CDA8674F24F00E8F0055186D /* background@2x.jpg */; };
		CDA8675F24F00E8F0055186D /* ballGreen@2x.png in Resources */ = {isa = PBXBuildFile; fileRef = CDA8675024F00E8F0055186D /* ballGreen@2x.png */; };
/* End PBXBuildFile section */

/* Begin PBXFileReference section */
		CD06D07324EF506900AA162E /* Project11.app */ = {isa = PBXFileReference; explicitFileType = wrapper.application; includeInIndex = 0; path = Project11.app; sourceTree = BUILT_PRODUCTS_DIR; };
		CD06D07624EF506900AA162E /* AppDelegate.swift */ = {isa = PBXFileReference; lastKnownFileType = sourcecode.swift; path = AppDelegate.swift; sourceTree = "<group>"; };
		CD06D07824EF506900AA162E /* GameScene.sks */ = {isa = PBXFileReference; lastKnownFileType = file.sks; path = GameScene.sks; sourceTree = "<group>"; };
		CD06D07C24EF506900AA162E /* GameScene.swift */ = {isa = PBXFileReference; lastKnownFileType = sourcecode.swift; path = GameScene.swift; sourceTree = "<group>"; };
		CD06D07E24EF506900AA162E /* GameViewController.swift */ = {isa = PBXFileReference; lastKnownFileType = sourcecode.swift; path = GameViewController.swift; sourceTree = "<group>"; };
		CD06D08124EF506900AA162E /* Base */ = {isa = PBXFileReference; lastKnownFileType = file.storyboard; name = Base; path = Base.lproj/Main.storyboard; sourceTree = "<group>"; };
		CD06D08324EF506A00AA162E /* Assets.xcassets */ = {isa = PBXFileReference; lastKnownFileType = folder.assetcatalog; path = Assets.xcassets; sourceTree = "<group>"; };
		CD06D08524EF506A00AA162E /* Info.plist */ = {isa = PBXFileReference; lastKnownFileType = text.plist.xml; path = Info.plist; sourceTree = "<group>"; };
		CDA8674224F00E8F0055186D /* FireParticles.sks */ = {isa = PBXFileReference; lastKnownFileType = file.sks; path = FireParticles.sks; sourceTree = "<group>"; };
		CDA8674324F00E8F0055186D /* ballBlue@2x.png */ = {isa = PBXFileReference; lastKnownFileType = image.png; path = "ballBlue@2x.png"; sourceTree = "<group>"; };
		CDA8674424F00E8F0055186D /* slotGlowBad@2x.png */ = {isa = PBXFileReference; lastKnownFileType = image.png; path = "slotGlowBad@2x.png"; sourceTree = "<group>"; };
		CDA8674524F00E8F0055186D /* ballYellow@2x.png */ = {isa = PBXFileReference; lastKnownFileType = image.png; path = "ballYellow@2x.png"; sourceTree = "<group>"; };
		CDA8674624F00E8F0055186D /* slotBaseGood@2x.png */ = {isa = PBXFileReference; lastKnownFileType = image.png; path = "slotBaseGood@2x.png"; sourceTree = "<group>"; };
		CDA8674724F00E8F0055186D /* ballPurple@2x.png */ = {isa = PBXFileReference; lastKnownFileType = image.png; path = "ballPurple@2x.png"; sourceTree = "<group>"; };
		CDA8674824F00E8F0055186D /* slotBaseBad@2x.png */ = {isa = PBXFileReference; lastKnownFileType = image.png; path = "slotBaseBad@2x.png"; sourceTree = "<group>"; };
		CDA8674924F00E8F0055186D /* ballGrey@2x.png */ = {isa = PBXFileReference; lastKnownFileType = image.png; path = "ballGrey@2x.png"; sourceTree = "<group>"; };
		CDA8674A24F00E8F0055186D /* spark.png */ = {isa = PBXFileReference; lastKnownFileType = image.png; path = spark.png; sourceTree = "<group>"; };
		CDA8674B24F00E8F0055186D /* bouncer@2x.png */ = {isa = PBXFileReference; lastKnownFileType = image.png; path = "bouncer@2x.png"; sourceTree = "<group>"; };
		CDA8674C24F00E8F0055186D /* slotGlowGood@2x.png */ = {isa = PBXFileReference; lastKnownFileType = image.png; path = "slotGlowGood@2x.png"; sourceTree = "<group>"; };
		CDA8674D24F00E8F0055186D /* ballRed@2x.png */ = {isa = PBXFileReference; lastKnownFileType = image.png; path = "ballRed@2x.png"; sourceTree = "<group>"; };
		CDA8674E24F00E8F0055186D /* ballCyan@2x.png */ = {isa = PBXFileReference; lastKnownFileType = image.png; path = "ballCyan@2x.png"; sourceTree = "<group>"; };
		CDA8674F24F00E8F0055186D /* background@2x.jpg */ = {isa = PBXFileReference; lastKnownFileType = image.jpeg; path = "background@2x.jpg"; sourceTree = "<group>"; };
		CDA8675024F00E8F0055186D /* ballGreen@2x.png */ = {isa = PBXFileReference; lastKnownFileType = image.png; path = "ballGreen@2x.png"; sourceTree = "<group>"; };
/* End PBXFileReference section */

/* Begin PBXFrameworksBuildPhase section */
		CD06D07024EF506900AA162E /* Frameworks */ = {
			isa = PBXFrameworksBuildPhase;
			buildActionMask = 2147483647;
			files = (
			);
			runOnlyForDeploymentPostprocessing = 0;
		};
/* End PBXFrameworksBuildPhase section */

/* Begin PBXGroup section */
		CD06D06A24EF506900AA162E = {
			isa = PBXGroup;
			children = (
				CD06D07524EF506900AA162E /* Project11 */,
				CD06D07424EF506900AA162E /* Products */,
			);
			sourceTree = "<group>";
		};
		CD06D07424EF506900AA162E /* Products */ = {
			isa = PBXGroup;
			children = (
				CD06D07324EF506900AA162E /* Project11.app */,
			);
			name = Products;
			sourceTree = "<group>";
		};
		CD06D07524EF506900AA162E /* Project11 */ = {
			isa = PBXGroup;
			children = (
				CD06D07624EF506900AA162E /* AppDelegate.swift */,
				CD06D07824EF506900AA162E /* GameScene.sks */,
				CD06D07C24EF506900AA162E /* GameScene.swift */,
				CD06D07E24EF506900AA162E /* GameViewController.swift */,
				CD06D08024EF506900AA162E /* Main.storyboard */,
				CD06D08324EF506A00AA162E /* Assets.xcassets */,
				CD06D08524EF506A00AA162E /* Info.plist */,
				CDA8674124F00E8F0055186D /* Content */,
			);
			path = Project11;
			sourceTree = "<group>";
		};
		CDA8674124F00E8F0055186D /* Content */ = {
			isa = PBXGroup;
			children = (
				CDA8674224F00E8F0055186D /* FireParticles.sks */,
				CDA8674324F00E8F0055186D /* ballBlue@2x.png */,
				CDA8674424F00E8F0055186D /* slotGlowBad@2x.png */,
				CDA8674524F00E8F0055186D /* ballYellow@2x.png */,
				CDA8674624F00E8F0055186D /* slotBaseGood@2x.png */,
				CDA8674724F00E8F0055186D /* ballPurple@2x.png */,
				CDA8674824F00E8F0055186D /* slotBaseBad@2x.png */,
				CDA8674924F00E8F0055186D /* ballGrey@2x.png */,
				CDA8674A24F00E8F0055186D /* spark.png */,
				CDA8674B24F00E8F0055186D /* bouncer@2x.png */,
				CDA8674C24F00E8F0055186D /* slotGlowGood@2x.png */,
				CDA8674D24F00E8F0055186D /* ballRed@2x.png */,
				CDA8674E24F00E8F0055186D /* ballCyan@2x.png */,
				CDA8674F24F00E8F0055186D /* background@2x.jpg */,
				CDA8675024F00E8F0055186D /* ballGreen@2x.png */,
			);
			path = Content;
			sourceTree = "<group>";
		};
/* End PBXGroup section */

/* Begin PBXNativeTarget section */
		CD06D07224EF506900AA162E /* Project11 */ = {
			isa = PBXNativeTarget;
			buildConfigurationList = CD06D08824EF506A00AA162E /* Build configuration list for PBXNativeTarget "Project11" */;
			buildPhases = (
				CD06D06F24EF506900AA162E /* Sources */,
				CD06D07024EF506900AA162E /* Frameworks */,
				CD06D07124EF506900AA162E /* Resources */,
			);
			buildRules = (
			);
			dependencies = (
			);
			name = Project11;
			productName = Project11;
			productReference = CD06D07324EF506900AA162E /* Project11.app */;
			productType = "com.apple.product-type.application";
		};
/* End PBXNativeTarget section */

/* Begin PBXProject section */
		CD06D06B24EF506900AA162E /* Project object */ = {
			isa = PBXProject;
			attributes = {
				LastSwiftUpdateCheck = 1200;
				LastUpgradeCheck = 1200;
				TargetAttributes = {
					CD06D07224EF506900AA162E = {
						CreatedOnToolsVersion = 12.0;
					};
				};
			};
			buildConfigurationList = CD06D06E24EF506900AA162E /* Build configuration list for PBXProject "Project11" */;
			compatibilityVersion = "Xcode 9.3";
			developmentRegion = en;
			hasScannedForEncodings = 0;
			knownRegions = (
				en,
				Base,
			);
			mainGroup = CD06D06A24EF506900AA162E;
			productRefGroup = CD06D07424EF506900AA162E /* Products */;
			projectDirPath = "";
			projectRoot = "";
			targets = (
				CD06D07224EF506900AA162E /* Project11 */,
			);
		};
/* End PBXProject section */

/* Begin PBXResourcesBuildPhase section */
		CD06D07124EF506900AA162E /* Resources */ = {
			isa = PBXResourcesBuildPhase;
			buildActionMask = 2147483647;
			files = (
				CDA8675424F00E8F0055186D /* ballYellow@2x.png in Resources */,
				CDA8675924F00E8F0055186D /* spark.png in Resources */,
				CDA8675D24F00E8F0055186D /* ballCyan@2x.png in Resources */,
				CDA8675E24F00E8F0055186D /* background@2x.jpg in Resources */,
				CDA8675624F00E8F0055186D /* ballPurple@2x.png in Resources */,
				CDA8675224F00E8F0055186D /* ballBlue@2x.png in Resources */,
				CD06D08224EF506900AA162E /* Main.storyboard in Resources */,
				CDA8675124F00E8F0055186D /* FireParticles.sks in Resources */,
				CDA8675724F00E8F0055186D /* slotBaseBad@2x.png in Resources */,
				CDA8675F24F00E8F0055186D /* ballGreen@2x.png in Resources */,
				CDA8675C24F00E8F0055186D /* ballRed@2x.png in Resources */,
				CDA8675324F00E8F0055186D /* slotGlowBad@2x.png in Resources */,
				CD06D07924EF506900AA162E /* GameScene.sks in Resources */,
				CDA8675824F00E8F0055186D /* ballGrey@2x.png in Resources */,
				CDA8675B24F00E8F0055186D /* slotGlowGood@2x.png in Resources */,
				CDA8675A24F00E8F0055186D /* bouncer@2x.png in Resources */,
				CDA8675524F00E8F0055186D /* slotBaseGood@2x.png in Resources */,
				CD06D08424EF506A00AA162E /* Assets.xcassets in Resources */,
			);
			runOnlyForDeploymentPostprocessing = 0;
		};
/* End PBXResourcesBuildPhase section */

/* Begin PBXSourcesBuildPhase section */
		CD06D06F24EF506900AA162E /* Sources */ = {
			isa = PBXSourcesBuildPhase;
			buildActionMask = 2147483647;
			files = (
				CD06D07D24EF506900AA162E /* GameScene.swift in Sources */,
				CD06D07F24EF506900AA162E /* GameViewController.swift in Sources */,
				CD06D07724EF506900AA162E /* AppDelegate.swift in Sources */,
			);
			runOnlyForDeploymentPostprocessing = 0;
		};
/* End PBXSourcesBuildPhase section */

/* Begin PBXVariantGroup section */
		CD06D08024EF506900AA162E /* Main.storyboard */ = {
			isa = PBXVariantGroup;
			children = (
				CD06D08124EF506900AA162E /* Base */,
			);
			name = Main.storyboard;
			sourceTree = "<group>";
		};
/* End PBXVariantGroup section */

/* Begin XCBuildConfiguration section */
		CD06D08624EF506A00AA162E /* Debug */ = {
			isa = XCBuildConfiguration;
			buildSettings = {
				ALWAYS_SEARCH_USER_PATHS = NO;
				CLANG_ANALYZER_NONNULL = YES;
				CLANG_ANALYZER_NUMBER_OBJECT_CONVERSION = YES_AGGRESSIVE;
				CLANG_CXX_LANGUAGE_STANDARD = "gnu++14";
				CLANG_CXX_LIBRARY = "libc++";
				CLANG_ENABLE_MODULES = YES;
				CLANG_ENABLE_OBJC_ARC = YES;
				CLANG_ENABLE_OBJC_WEAK = YES;
				CLANG_WARN_BLOCK_CAPTURE_AUTORELEASING = YES;
				CLANG_WARN_BOOL_CONVERSION = YES;
				CLANG_WARN_COMMA = YES;
				CLANG_WARN_CONSTANT_CONVERSION = YES;
				CLANG_WARN_DEPRECATED_OBJC_IMPLEMENTATIONS = YES;
				CLANG_WARN_DIRECT_OBJC_ISA_USAGE = YES_ERROR;
				CLANG_WARN_DOCUMENTATION_COMMENTS = YES;
				CLANG_WARN_EMPTY_BODY = YES;
				CLANG_WARN_ENUM_CONVERSION = YES;
				CLANG_WARN_INFINITE_RECURSION = YES;
				CLANG_WARN_INT_CONVERSION = YES;
				CLANG_WARN_NON_LITERAL_NULL_CONVERSION = YES;
				CLANG_WARN_OBJC_IMPLICIT_RETAIN_SELF = YES;
				CLANG_WARN_OBJC_LITERAL_CONVERSION = YES;
				CLANG_WARN_OBJC_ROOT_CLASS = YES_ERROR;
				CLANG_WARN_QUOTED_INCLUDE_IN_FRAMEWORK_HEADER = YES;
				CLANG_WARN_RANGE_LOOP_ANALYSIS = YES;
				CLANG_WARN_STRICT_PROTOTYPES = YES;
				CLANG_WARN_SUSPICIOUS_MOVE = YES;
				CLANG_WARN_UNGUARDED_AVAILABILITY = YES_AGGRESSIVE;
				CLANG_WARN_UNREACHABLE_CODE = YES;
				CLANG_WARN__DUPLICATE_METHOD_MATCH = YES;
				COPY_PHASE_STRIP = NO;
				DEBUG_INFORMATION_FORMAT = dwarf;
				ENABLE_STRICT_OBJC_MSGSEND = YES;
				ENABLE_TESTABILITY = YES;
				GCC_C_LANGUAGE_STANDARD = gnu11;
				GCC_DYNAMIC_NO_PIC = NO;
				GCC_NO_COMMON_BLOCKS = YES;
				GCC_OPTIMIZATION_LEVEL = 0;
				GCC_PREPROCESSOR_DEFINITIONS = (
					"DEBUG=1",
					"$(inherited)",
				);
				GCC_WARN_64_TO_32_BIT_CONVERSION = YES;
				GCC_WARN_ABOUT_RETURN_TYPE = YES_ERROR;
				GCC_WARN_UNDECLARED_SELECTOR = YES;
				GCC_WARN_UNINITIALIZED_AUTOS = YES_AGGRESSIVE;
				GCC_WARN_UNUSED_FUNCTION = YES;
				GCC_WARN_UNUSED_VARIABLE = YES;
				IPHONEOS_DEPLOYMENT_TARGET = 12.4;
				MTL_ENABLE_DEBUG_INFO = INCLUDE_SOURCE;
				MTL_FAST_MATH = YES;
				ONLY_ACTIVE_ARCH = YES;
				SDKROOT = iphoneos;
				SWIFT_ACTIVE_COMPILATION_CONDITIONS = DEBUG;
				SWIFT_OPTIMIZATION_LEVEL = "-Onone";
			};
			name = Debug;
		};
		CD06D08724EF506A00AA162E /* Release */ = {
			isa = XCBuildConfiguration;
			buildSettings = {
				ALWAYS_SEARCH_USER_PATHS = NO;
				CLANG_ANALYZER_NONNULL = YES;
				CLANG_ANALYZER_NUMBER_OBJECT_CONVERSION = YES_AGGRESSIVE;
				CLANG_CXX_LANGUAGE_STANDARD = "gnu++14";
				CLANG_CXX_LIBRARY = "libc++";
				CLANG_ENABLE_MODULES = YES;
				CLANG_ENABLE_OBJC_ARC = YES;
				CLANG_ENABLE_OBJC_WEAK = YES;
				CLANG_WARN_BLOCK_CAPTURE_AUTORELEASING = YES;
				CLANG_WARN_BOOL_CONVERSION = YES;
				CLANG_WARN_COMMA = YES;
				CLANG_WARN_CONSTANT_CONVERSION = YES;
				CLANG_WARN_DEPRECATED_OBJC_IMPLEMENTATIONS = YES;
				CLANG_WARN_DIRECT_OBJC_ISA_USAGE = YES_ERROR;
				CLANG_WARN_DOCUMENTATION_COMMENTS = YES;
				CLANG_WARN_EMPTY_BODY = YES;
				CLANG_WARN_ENUM_CONVERSION = YES;
				CLANG_WARN_INFINITE_RECURSION = YES;
				CLANG_WARN_INT_CONVERSION = YES;
				CLANG_WARN_NON_LITERAL_NULL_CONVERSION = YES;
				CLANG_WARN_OBJC_IMPLICIT_RETAIN_SELF = YES;
				CLANG_WARN_OBJC_LITERAL_CONVERSION = YES;
				CLANG_WARN_OBJC_ROOT_CLASS = YES_ERROR;
				CLANG_WARN_QUOTED_INCLUDE_IN_FRAMEWORK_HEADER = YES;
				CLANG_WARN_RANGE_LOOP_ANALYSIS = YES;
				CLANG_WARN_STRICT_PROTOTYPES = YES;
				CLANG_WARN_SUSPICIOUS_MOVE = YES;
				CLANG_WARN_UNGUARDED_AVAILABILITY = YES_AGGRESSIVE;
				CLANG_WARN_UNREACHABLE_CODE = YES;
				CLANG_WARN__DUPLICATE_METHOD_MATCH = YES;
				COPY_PHASE_STRIP = NO;
				DEBUG_INFORMATION_FORMAT = "dwarf-with-dsym";
				ENABLE_NS_ASSERTIONS = NO;
				ENABLE_STRICT_OBJC_MSGSEND = YES;
				GCC_C_LANGUAGE_STANDARD = gnu11;
				GCC_NO_COMMON_BLOCKS = YES;
				GCC_WARN_64_TO_32_BIT_CONVERSION = YES;
				GCC_WARN_ABOUT_RETURN_TYPE = YES_ERROR;
				GCC_WARN_UNDECLARED_SELECTOR = YES;
				GCC_WARN_UNINITIALIZED_AUTOS = YES_AGGRESSIVE;
				GCC_WARN_UNUSED_FUNCTION = YES;
				GCC_WARN_UNUSED_VARIABLE = YES;
				IPHONEOS_DEPLOYMENT_TARGET = 12.4;
				MTL_ENABLE_DEBUG_INFO = NO;
				MTL_FAST_MATH = YES;
				SDKROOT = iphoneos;
				SWIFT_COMPILATION_MODE = wholemodule;
				SWIFT_OPTIMIZATION_LEVEL = "-O";
				VALIDATE_PRODUCT = YES;
			};
			name = Release;
		};
		CD06D08924EF506A00AA162E /* Debug */ = {
			isa = XCBuildConfiguration;
			buildSettings = {
				ASSETCATALOG_COMPILER_APPICON_NAME = AppIcon;
				ASSETCATALOG_COMPILER_GLOBAL_ACCENT_COLOR_NAME = AccentColor;
				CODE_SIGN_STYLE = Automatic;
				DEVELOPMENT_TEAM = Z7788V56C7;
				INFOPLIST_FILE = Project11/Info.plist;
				IPHONEOS_DEPLOYMENT_TARGET = 12.4;
				LD_RUNPATH_SEARCH_PATHS = (
					"$(inherited)",
					"@executable_path/Frameworks",
				);
				PRODUCT_BUNDLE_IDENTIFIER = com.vladvrublevsky.Project11;
				PRODUCT_NAME = "$(TARGET_NAME)";
				SWIFT_VERSION = 5.0;
				TARGETED_DEVICE_FAMILY = 2;
			};
			name = Debug;
		};
		CD06D08A24EF506A00AA162E /* Release */ = {
			isa = XCBuildConfiguration;
			buildSettings = {
				ASSETCATALOG_COMPILER_APPICON_NAME = AppIcon;
				ASSETCATALOG_COMPILER_GLOBAL_ACCENT_COLOR_NAME = AccentColor;
				CODE_SIGN_STYLE = Automatic;
				DEVELOPMENT_TEAM = Z7788V56C7;
				INFOPLIST_FILE = Project11/Info.plist;
				IPHONEOS_DEPLOYMENT_TARGET = 12.4;
				LD_RUNPATH_SEARCH_PATHS = (
					"$(inherited)",
					"@executable_path/Frameworks",
				);
				PRODUCT_BUNDLE_IDENTIFIER = com.vladvrublevsky.Project11;
				PRODUCT_NAME = "$(TARGET_NAME)";
				SWIFT_VERSION = 5.0;
				TARGETED_DEVICE_FAMILY = 2;
			};
			name = Release;
		};
/* End XCBuildConfiguration section */

/* Begin XCConfigurationList section */
		CD06D06E24EF506900AA162E /* Build configuration list for PBXProject "Project11" */ = {
			isa = XCConfigurationList;
			buildConfigurations = (
				CD06D08624EF506A00AA162E /* Debug */,
				CD06D08724EF506A00AA162E /* Release */,
			);
			defaultConfigurationIsVisible = 0;
			defaultConfigurationName = Release;
		};
		CD06D08824EF506A00AA162E /* Build configuration list for PBXNativeTarget "Project11" */ = {
			isa = XCConfigurationList;
			buildConfigurations = (
				CD06D08924EF506A00AA162E /* Debug */,
				CD06D08A24EF506A00AA162E /* Release */,
			);
			defaultConfigurationIsVisible = 0;
			defaultConfigurationName = Release;
		};
/* End XCConfigurationList section */
	};
	rootObject = CD06D06B24EF506900AA162E /* Project object */;
}
